
Microsoft Visual Studio Solution File, Format Version 12.00
# Visual Studio 15
VisualStudioVersion = 15.0.27703.2042
MinimumVisualStudioVersion = 10.0.40219.1
Project("{FAE04EC0-301F-11D3-BF4B-00C04F79EFBC}") = "DemoWebApi", "DemoWebApi\DemoWebApi.csproj", "{9B025DC4-DB6F-4263-8FF6-18CECEB6B959}"
EndProject
Project("{FAE04EC0-301F-11D3-BF4B-00C04F79EFBC}") = "DemoWebApi.DemoData", "DemoWebApi.DemoData\DemoWebApi.DemoData.csproj", "{389E24F3-74EE-46F0-8BBB-CC91C006004C}"
EndProject
Project("{FAE04EC0-301F-11D3-BF4B-00C04F79EFBC}") = "DemoWebApi.ClientApi", "DemoWebApi.ClientApi\DemoWebApi.ClientApi.csproj", "{31E10725-9320-49D6-9AD6-51300C5EB634}"
EndProject
Project("{FAE04EC0-301F-11D3-BF4B-00C04F79EFBC}") = "IntegrationTests", "Tests\IntegrationTests\IntegrationTests.csproj", "{BC9CE351-C442-44BA-B7A1-438C22C150CA}"
EndProject
Project("{2150E333-8FDC-42A3-9474-1A3956D46DE8}") = "Tests", "Tests", "{DBC9CAF6-2B63-417C-90E8-A2E7A468697C}"
EndProject
Project("{2150E333-8FDC-42A3-9474-1A3956D46DE8}") = "Demo", "Demo", "{571408D0-78B2-46A1-8EF0-E336ABBE76AA}"
EndProject
Project("{2150E333-8FDC-42A3-9474-1A3956D46DE8}") = "Solution Items", "Solution Items", "{9A209BA4-555C-45E6-979B-05F702889260}"
	ProjectSection(SolutionItems) = preProject
		CreateClientApi.ps1 = CreateClientApi.ps1
		Readme.md = Readme.md
	EndProjectSection
EndProject
Project("{2150E333-8FDC-42A3-9474-1A3956D46DE8}") = "ClientApi", "ClientApi", "{A2F5FCEF-26A1-4D28-8C94-C01756502CFD}"
EndProject
Project("{FAE04EC0-301F-11D3-BF4B-00C04F79EFBC}") = "DemoAngular2", "DemoAngular2\DemoAngular2.csproj", "{BC51C7BD-BC44-4EF4-8D71-0E9C68E22BFB}"
EndProject
Project("{FAE04EC0-301F-11D3-BF4B-00C04F79EFBC}") = "FonlowAndroid.Android", "Mobile\FonlowAndroid.Android\FonlowAndroid.Android.csproj", "{BBB7E8F5-F5A1-4F37-8A37-CBF2D466126A}"
EndProject
Project("{2150E333-8FDC-42A3-9474-1A3956D46DE8}") = "Mobile", "Mobile", "{29E4ACEF-ED76-496D-B5AF-DC138DAF7DA0}"
EndProject
Project("{D954291E-2A0B-460D-934E-DC6B0785DB48}") = "DemoWebApi.ClientApiShared", "DemoWebApi.ClientApiShared\DemoWebApi.ClientApiShared.shproj", "{CBFE51AC-65F0-4B42-AE38-7D6DE5A97B5C}"
EndProject
Project("{FAE04EC0-301F-11D3-BF4B-00C04F79EFBC}") = "DemoWebApi.AndroidClientApi", "DemoWebApi.AndroidClientApi\DemoWebApi.AndroidClientApi.csproj", "{76008206-9322-4264-87FD-2B63508B6E44}"
EndProject
Project("{D954291E-2A0B-460D-934E-DC6B0785DB48}") = "MyVMShared", "Mobile\MyVMShared\MyVMShared.shproj", "{3F833A13-19AA-4612-81A3-863598C3369D}"
EndProject
Project("{FAE04EC0-301F-11D3-BF4B-00C04F79EFBC}") = "MyAndroidVM", "Mobile\MyAndroidVM\MyAndroidVM.csproj", "{5A3B237A-B80D-4006-B70C-D1288A6E1F1E}"
EndProject
Project("{FAE04EC0-301F-11D3-BF4B-00C04F79EFBC}") = "DemoWebApi.iOSClientApi", "DemoWebApi.iOSClientApi\DemoWebApi.iOSClientApi.csproj", "{E71F3053-056C-4381-9638-048ED73BDFF6}"
EndProject
Project("{FAE04EC0-301F-11D3-BF4B-00C04F79EFBC}") = "DemoWebApi.UniversalClientApi", "DemoWebApi.UniversalClientApi\DemoWebApi.UniversalClientApi.csproj", "{44738964-6DEB-4C92-A871-F60626A47E98}"
EndProject
Project("{D954291E-2A0B-460D-934E-DC6B0785DB48}") = "MyFormsShared", "Mobile\MyFormsShared\MyFormsShared.shproj", "{C8FBD2D3-8942-415E-ACF4-E1519E2C7CC4}"
EndProject
Global
	GlobalSection(SharedMSBuildProjectFiles) = preSolution
		DemoWebApi.ClientApiShared\DemoWebApi.ClientApiShared.projitems*{31e10725-9320-49d6-9ad6-51300c5eb634}*SharedItemsImports = 4
		Mobile\MyVMShared\MyVMShared.projitems*{3f833a13-19aa-4612-81a3-863598c3369d}*SharedItemsImports = 13
		DemoWebApi.ClientApiShared\DemoWebApi.ClientApiShared.projitems*{44738964-6deb-4c92-a871-f60626a47e98}*SharedItemsImports = 4
		Mobile\MyVMShared\MyVMShared.projitems*{5a3b237a-b80d-4006-b70c-d1288a6e1f1e}*SharedItemsImports = 4
		DemoWebApi.ClientApiShared\DemoWebApi.ClientApiShared.projitems*{76008206-9322-4264-87fd-2b63508b6e44}*SharedItemsImports = 4
		Mobile\MyFormsShared\MyFormsShared.projitems*{bbb7e8f5-f5a1-4f37-8a37-cbf2d466126a}*SharedItemsImports = 4
		Mobile\MyFormsShared\MyFormsShared.projitems*{c8fbd2d3-8942-415e-acf4-e1519e2c7cc4}*SharedItemsImports = 13
		DemoWebApi.ClientApiShared\DemoWebApi.ClientApiShared.projitems*{cbfe51ac-65f0-4b42-ae38-7d6de5a97b5c}*SharedItemsImports = 13
		DemoWebApi.ClientApiShared\DemoWebApi.ClientApiShared.projitems*{e71f3053-056c-4381-9638-048ed73bdff6}*SharedItemsImports = 4
	EndGlobalSection
	GlobalSection(SolutionConfigurationPlatforms) = preSolution
		Debug|Any CPU = Debug|Any CPU
		Debug|ARM = Debug|ARM
		Debug|x64 = Debug|x64
		Debug|x86 = Debug|x86
		Release|Any CPU = Release|Any CPU
		Release|ARM = Release|ARM
		Release|x64 = Release|x64
		Release|x86 = Release|x86
	EndGlobalSection
	GlobalSection(ProjectConfigurationPlatforms) = postSolution
		{9B025DC4-DB6F-4263-8FF6-18CECEB6B959}.Debug|Any CPU.ActiveCfg = Debug|Any CPU
		{9B025DC4-DB6F-4263-8FF6-18CECEB6B959}.Debug|Any CPU.Build.0 = Debug|Any CPU
		{9B025DC4-DB6F-4263-8FF6-18CECEB6B959}.Debug|ARM.ActiveCfg = Debug|Any CPU
		{9B025DC4-DB6F-4263-8FF6-18CECEB6B959}.Debug|ARM.Build.0 = Debug|Any CPU
		{9B025DC4-DB6F-4263-8FF6-18CECEB6B959}.Debug|x64.ActiveCfg = Debug|Any CPU
		{9B025DC4-DB6F-4263-8FF6-18CECEB6B959}.Debug|x64.Build.0 = Debug|Any CPU
		{9B025DC4-DB6F-4263-8FF6-18CECEB6B959}.Debug|x86.ActiveCfg = Debug|Any CPU
		{9B025DC4-DB6F-4263-8FF6-18CECEB6B959}.Debug|x86.Build.0 = Debug|Any CPU
		{9B025DC4-DB6F-4263-8FF6-18CECEB6B959}.Release|Any CPU.ActiveCfg = Release|Any CPU
		{9B025DC4-DB6F-4263-8FF6-18CECEB6B959}.Release|Any CPU.Build.0 = Release|Any CPU
		{9B025DC4-DB6F-4263-8FF6-18CECEB6B959}.Release|ARM.ActiveCfg = Release|Any CPU
		{9B025DC4-DB6F-4263-8FF6-18CECEB6B959}.Release|ARM.Build.0 = Release|Any CPU
		{9B025DC4-DB6F-4263-8FF6-18CECEB6B959}.Release|x64.ActiveCfg = Release|Any CPU
		{9B025DC4-DB6F-4263-8FF6-18CECEB6B959}.Release|x64.Build.0 = Release|Any CPU
		{9B025DC4-DB6F-4263-8FF6-18CECEB6B959}.Release|x86.ActiveCfg = Release|Any CPU
		{9B025DC4-DB6F-4263-8FF6-18CECEB6B959}.Release|x86.Build.0 = Release|Any CPU
		{389E24F3-74EE-46F0-8BBB-CC91C006004C}.Debug|Any CPU.ActiveCfg = Debug|Any CPU
		{389E24F3-74EE-46F0-8BBB-CC91C006004C}.Debug|Any CPU.Build.0 = Debug|Any CPU
		{389E24F3-74EE-46F0-8BBB-CC91C006004C}.Debug|ARM.ActiveCfg = Debug|Any CPU
		{389E24F3-74EE-46F0-8BBB-CC91C006004C}.Debug|ARM.Build.0 = Debug|Any CPU
		{389E24F3-74EE-46F0-8BBB-CC91C006004C}.Debug|x64.ActiveCfg = Debug|Any CPU
		{389E24F3-74EE-46F0-8BBB-CC91C006004C}.Debug|x64.Build.0 = Debug|Any CPU
		{389E24F3-74EE-46F0-8BBB-CC91C006004C}.Debug|x86.ActiveCfg = Debug|Any CPU
		{389E24F3-74EE-46F0-8BBB-CC91C006004C}.Debug|x86.Build.0 = Debug|Any CPU
		{389E24F3-74EE-46F0-8BBB-CC91C006004C}.Release|Any CPU.ActiveCfg = Release|Any CPU
		{389E24F3-74EE-46F0-8BBB-CC91C006004C}.Release|Any CPU.Build.0 = Release|Any CPU
		{389E24F3-74EE-46F0-8BBB-CC91C006004C}.Release|ARM.ActiveCfg = Release|Any CPU
		{389E24F3-74EE-46F0-8BBB-CC91C006004C}.Release|ARM.Build.0 = Release|Any CPU
		{389E24F3-74EE-46F0-8BBB-CC91C006004C}.Release|x64.ActiveCfg = Release|Any CPU
		{389E24F3-74EE-46F0-8BBB-CC91C006004C}.Release|x64.Build.0 = Release|Any CPU
		{389E24F3-74EE-46F0-8BBB-CC91C006004C}.Release|x86.ActiveCfg = Release|Any CPU
		{389E24F3-74EE-46F0-8BBB-CC91C006004C}.Release|x86.Build.0 = Release|Any CPU
		{31E10725-9320-49D6-9AD6-51300C5EB634}.Debug|Any CPU.ActiveCfg = Debug|Any CPU
		{31E10725-9320-49D6-9AD6-51300C5EB634}.Debug|Any CPU.Build.0 = Debug|Any CPU
		{31E10725-9320-49D6-9AD6-51300C5EB634}.Debug|ARM.ActiveCfg = Debug|Any CPU
		{31E10725-9320-49D6-9AD6-51300C5EB634}.Debug|ARM.Build.0 = Debug|Any CPU
		{31E10725-9320-49D6-9AD6-51300C5EB634}.Debug|x64.ActiveCfg = Debug|Any CPU
		{31E10725-9320-49D6-9AD6-51300C5EB634}.Debug|x64.Build.0 = Debug|Any CPU
		{31E10725-9320-49D6-9AD6-51300C5EB634}.Debug|x86.ActiveCfg = Debug|Any CPU
		{31E10725-9320-49D6-9AD6-51300C5EB634}.Debug|x86.Build.0 = Debug|Any CPU
		{31E10725-9320-49D6-9AD6-51300C5EB634}.Release|Any CPU.ActiveCfg = Release|Any CPU
		{31E10725-9320-49D6-9AD6-51300C5EB634}.Release|Any CPU.Build.0 = Release|Any CPU
		{31E10725-9320-49D6-9AD6-51300C5EB634}.Release|ARM.ActiveCfg = Release|Any CPU
		{31E10725-9320-49D6-9AD6-51300C5EB634}.Release|ARM.Build.0 = Release|Any CPU
		{31E10725-9320-49D6-9AD6-51300C5EB634}.Release|x64.ActiveCfg = Release|Any CPU
		{31E10725-9320-49D6-9AD6-51300C5EB634}.Release|x64.Build.0 = Release|Any CPU
		{31E10725-9320-49D6-9AD6-51300C5EB634}.Release|x86.ActiveCfg = Release|Any CPU
		{31E10725-9320-49D6-9AD6-51300C5EB634}.Release|x86.Build.0 = Release|Any CPU
		{BC9CE351-C442-44BA-B7A1-438C22C150CA}.Debug|Any CPU.ActiveCfg = Debug|Any CPU
		{BC9CE351-C442-44BA-B7A1-438C22C150CA}.Debug|Any CPU.Build.0 = Debug|Any CPU
		{BC9CE351-C442-44BA-B7A1-438C22C150CA}.Debug|ARM.ActiveCfg = Debug|Any CPU
		{BC9CE351-C442-44BA-B7A1-438C22C150CA}.Debug|ARM.Build.0 = Debug|Any CPU
		{BC9CE351-C442-44BA-B7A1-438C22C150CA}.Debug|x64.ActiveCfg = Debug|Any CPU
		{BC9CE351-C442-44BA-B7A1-438C22C150CA}.Debug|x64.Build.0 = Debug|Any CPU
		{BC9CE351-C442-44BA-B7A1-438C22C150CA}.Debug|x86.ActiveCfg = Debug|Any CPU
		{BC9CE351-C442-44BA-B7A1-438C22C150CA}.Debug|x86.Build.0 = Debug|Any CPU
		{BC9CE351-C442-44BA-B7A1-438C22C150CA}.Release|Any CPU.ActiveCfg = Release|Any CPU
		{BC9CE351-C442-44BA-B7A1-438C22C150CA}.Release|Any CPU.Build.0 = Release|Any CPU
		{BC9CE351-C442-44BA-B7A1-438C22C150CA}.Release|ARM.ActiveCfg = Release|Any CPU
		{BC9CE351-C442-44BA-B7A1-438C22C150CA}.Release|ARM.Build.0 = Release|Any CPU
		{BC9CE351-C442-44BA-B7A1-438C22C150CA}.Release|x64.ActiveCfg = Release|Any CPU
		{BC9CE351-C442-44BA-B7A1-438C22C150CA}.Release|x64.Build.0 = Release|Any CPU
		{BC9CE351-C442-44BA-B7A1-438C22C150CA}.Release|x86.ActiveCfg = Release|Any CPU
		{BC9CE351-C442-44BA-B7A1-438C22C150CA}.Release|x86.Build.0 = Release|Any CPU
		{BC51C7BD-BC44-4EF4-8D71-0E9C68E22BFB}.Debug|Any CPU.ActiveCfg = Debug|Any CPU
		{BC51C7BD-BC44-4EF4-8D71-0E9C68E22BFB}.Debug|Any CPU.Build.0 = Debug|Any CPU
		{BC51C7BD-BC44-4EF4-8D71-0E9C68E22BFB}.Debug|ARM.ActiveCfg = Debug|Any CPU
		{BC51C7BD-BC44-4EF4-8D71-0E9C68E22BFB}.Debug|ARM.Build.0 = Debug|Any CPU
		{BC51C7BD-BC44-4EF4-8D71-0E9C68E22BFB}.Debug|x64.ActiveCfg = Debug|Any CPU
		{BC51C7BD-BC44-4EF4-8D71-0E9C68E22BFB}.Debug|x64.Build.0 = Debug|Any CPU
		{BC51C7BD-BC44-4EF4-8D71-0E9C68E22BFB}.Debug|x86.ActiveCfg = Debug|Any CPU
		{BC51C7BD-BC44-4EF4-8D71-0E9C68E22BFB}.Debug|x86.Build.0 = Debug|Any CPU
		{BC51C7BD-BC44-4EF4-8D71-0E9C68E22BFB}.Release|Any CPU.ActiveCfg = Release|Any CPU
		{BC51C7BD-BC44-4EF4-8D71-0E9C68E22BFB}.Release|Any CPU.Build.0 = Release|Any CPU
		{BC51C7BD-BC44-4EF4-8D71-0E9C68E22BFB}.Release|ARM.ActiveCfg = Release|Any CPU
		{BC51C7BD-BC44-4EF4-8D71-0E9C68E22BFB}.Release|ARM.Build.0 = Release|Any CPU
		{BC51C7BD-BC44-4EF4-8D71-0E9C68E22BFB}.Release|x64.ActiveCfg = Release|Any CPU
		{BC51C7BD-BC44-4EF4-8D71-0E9C68E22BFB}.Release|x64.Build.0 = Release|Any CPU
		{BC51C7BD-BC44-4EF4-8D71-0E9C68E22BFB}.Release|x86.ActiveCfg = Release|Any CPU
		{BC51C7BD-BC44-4EF4-8D71-0E9C68E22BFB}.Release|x86.Build.0 = Release|Any CPU
		{BBB7E8F5-F5A1-4F37-8A37-CBF2D466126A}.Debug|Any CPU.ActiveCfg = Debug|Any CPU
		{BBB7E8F5-F5A1-4F37-8A37-CBF2D466126A}.Debug|Any CPU.Build.0 = Debug|Any CPU
		{BBB7E8F5-F5A1-4F37-8A37-CBF2D466126A}.Debug|Any CPU.Deploy.0 = Debug|Any CPU
		{BBB7E8F5-F5A1-4F37-8A37-CBF2D466126A}.Debug|ARM.ActiveCfg = Debug|Any CPU
		{BBB7E8F5-F5A1-4F37-8A37-CBF2D466126A}.Debug|ARM.Build.0 = Debug|Any CPU
		{BBB7E8F5-F5A1-4F37-8A37-CBF2D466126A}.Debug|ARM.Deploy.0 = Debug|Any CPU
		{BBB7E8F5-F5A1-4F37-8A37-CBF2D466126A}.Debug|x64.ActiveCfg = Debug|Any CPU
		{BBB7E8F5-F5A1-4F37-8A37-CBF2D466126A}.Debug|x64.Build.0 = Debug|Any CPU
		{BBB7E8F5-F5A1-4F37-8A37-CBF2D466126A}.Debug|x64.Deploy.0 = Debug|Any CPU
		{BBB7E8F5-F5A1-4F37-8A37-CBF2D466126A}.Debug|x86.ActiveCfg = Debug|Any CPU
		{BBB7E8F5-F5A1-4F37-8A37-CBF2D466126A}.Debug|x86.Build.0 = Debug|Any CPU
		{BBB7E8F5-F5A1-4F37-8A37-CBF2D466126A}.Debug|x86.Deploy.0 = Debug|Any CPU
		{BBB7E8F5-F5A1-4F37-8A37-CBF2D466126A}.Release|Any CPU.ActiveCfg = Release|Any CPU
		{BBB7E8F5-F5A1-4F37-8A37-CBF2D466126A}.Release|Any CPU.Build.0 = Release|Any CPU
		{BBB7E8F5-F5A1-4F37-8A37-CBF2D466126A}.Release|Any CPU.Deploy.0 = Release|Any CPU
		{BBB7E8F5-F5A1-4F37-8A37-CBF2D466126A}.Release|ARM.ActiveCfg = Release|Any CPU
		{BBB7E8F5-F5A1-4F37-8A37-CBF2D466126A}.Release|ARM.Build.0 = Release|Any CPU
		{BBB7E8F5-F5A1-4F37-8A37-CBF2D466126A}.Release|ARM.Deploy.0 = Release|Any CPU
		{BBB7E8F5-F5A1-4F37-8A37-CBF2D466126A}.Release|x64.ActiveCfg = Release|Any CPU
		{BBB7E8F5-F5A1-4F37-8A37-CBF2D466126A}.Release|x64.Build.0 = Release|Any CPU
		{BBB7E8F5-F5A1-4F37-8A37-CBF2D466126A}.Release|x64.Deploy.0 = Release|Any CPU
		{BBB7E8F5-F5A1-4F37-8A37-CBF2D466126A}.Release|x86.ActiveCfg = Release|Any CPU
		{BBB7E8F5-F5A1-4F37-8A37-CBF2D466126A}.Release|x86.Build.0 = Release|Any CPU
		{BBB7E8F5-F5A1-4F37-8A37-CBF2D466126A}.Release|x86.Deploy.0 = Release|Any CPU
		{76008206-9322-4264-87FD-2B63508B6E44}.Debug|Any CPU.ActiveCfg = Debug|Any CPU
		{76008206-9322-4264-87FD-2B63508B6E44}.Debug|Any CPU.Build.0 = Debug|Any CPU
		{76008206-9322-4264-87FD-2B63508B6E44}.Debug|ARM.ActiveCfg = Debug|Any CPU
		{76008206-9322-4264-87FD-2B63508B6E44}.Debug|ARM.Build.0 = Debug|Any CPU
		{76008206-9322-4264-87FD-2B63508B6E44}.Debug|x64.ActiveCfg = Debug|Any CPU
		{76008206-9322-4264-87FD-2B63508B6E44}.Debug|x64.Build.0 = Debug|Any CPU
		{76008206-9322-4264-87FD-2B63508B6E44}.Debug|x86.ActiveCfg = Debug|Any CPU
		{76008206-9322-4264-87FD-2B63508B6E44}.Debug|x86.Build.0 = Debug|Any CPU
		{76008206-9322-4264-87FD-2B63508B6E44}.Release|Any CPU.ActiveCfg = Release|Any CPU
		{76008206-9322-4264-87FD-2B63508B6E44}.Release|Any CPU.Build.0 = Release|Any CPU
		{76008206-9322-4264-87FD-2B63508B6E44}.Release|ARM.ActiveCfg = Release|Any CPU
		{76008206-9322-4264-87FD-2B63508B6E44}.Release|ARM.Build.0 = Release|Any CPU
		{76008206-9322-4264-87FD-2B63508B6E44}.Release|x64.ActiveCfg = Release|Any CPU
		{76008206-9322-4264-87FD-2B63508B6E44}.Release|x64.Build.0 = Release|Any CPU
		{76008206-9322-4264-87FD-2B63508B6E44}.Release|x86.ActiveCfg = Release|Any CPU
		{76008206-9322-4264-87FD-2B63508B6E44}.Release|x86.Build.0 = Release|Any CPU
		{5A3B237A-B80D-4006-B70C-D1288A6E1F1E}.Debug|Any CPU.ActiveCfg = Debug|Any CPU
		{5A3B237A-B80D-4006-B70C-D1288A6E1F1E}.Debug|Any CPU.Build.0 = Debug|Any CPU
		{5A3B237A-B80D-4006-B70C-D1288A6E1F1E}.Debug|ARM.ActiveCfg = Debug|Any CPU
		{5A3B237A-B80D-4006-B70C-D1288A6E1F1E}.Debug|ARM.Build.0 = Debug|Any CPU
		{5A3B237A-B80D-4006-B70C-D1288A6E1F1E}.Debug|x64.ActiveCfg = Debug|Any CPU
		{5A3B237A-B80D-4006-B70C-D1288A6E1F1E}.Debug|x64.Build.0 = Debug|Any CPU
		{5A3B237A-B80D-4006-B70C-D1288A6E1F1E}.Debug|x86.ActiveCfg = Debug|Any CPU
		{5A3B237A-B80D-4006-B70C-D1288A6E1F1E}.Debug|x86.Build.0 = Debug|Any CPU
		{5A3B237A-B80D-4006-B70C-D1288A6E1F1E}.Release|Any CPU.ActiveCfg = Release|Any CPU
		{5A3B237A-B80D-4006-B70C-D1288A6E1F1E}.Release|Any CPU.Build.0 = Release|Any CPU
		{5A3B237A-B80D-4006-B70C-D1288A6E1F1E}.Release|ARM.ActiveCfg = Release|Any CPU
		{5A3B237A-B80D-4006-B70C-D1288A6E1F1E}.Release|ARM.Build.0 = Release|Any CPU
		{5A3B237A-B80D-4006-B70C-D1288A6E1F1E}.Release|x64.ActiveCfg = Release|Any CPU
		{5A3B237A-B80D-4006-B70C-D1288A6E1F1E}.Release|x64.Build.0 = Release|Any CPU
		{5A3B237A-B80D-4006-B70C-D1288A6E1F1E}.Release|x86.ActiveCfg = Release|Any CPU
		{5A3B237A-B80D-4006-B70C-D1288A6E1F1E}.Release|x86.Build.0 = Release|Any CPU
		{E71F3053-056C-4381-9638-048ED73BDFF6}.Debug|Any CPU.ActiveCfg = Debug|Any CPU
		{E71F3053-056C-4381-9638-048ED73BDFF6}.Debug|Any CPU.Build.0 = Debug|Any CPU
		{E71F3053-056C-4381-9638-048ED73BDFF6}.Debug|ARM.ActiveCfg = Debug|Any CPU
		{E71F3053-056C-4381-9638-048ED73BDFF6}.Debug|ARM.Build.0 = Debug|Any CPU
		{E71F3053-056C-4381-9638-048ED73BDFF6}.Debug|x64.ActiveCfg = Debug|Any CPU
		{E71F3053-056C-4381-9638-048ED73BDFF6}.Debug|x64.Build.0 = Debug|Any CPU
		{E71F3053-056C-4381-9638-048ED73BDFF6}.Debug|x86.ActiveCfg = Debug|Any CPU
		{E71F3053-056C-4381-9638-048ED73BDFF6}.Debug|x86.Build.0 = Debug|Any CPU
		{E71F3053-056C-4381-9638-048ED73BDFF6}.Release|Any CPU.ActiveCfg = Release|Any CPU
		{E71F3053-056C-4381-9638-048ED73BDFF6}.Release|Any CPU.Build.0 = Release|Any CPU
		{E71F3053-056C-4381-9638-048ED73BDFF6}.Release|ARM.ActiveCfg = Release|Any CPU
		{E71F3053-056C-4381-9638-048ED73BDFF6}.Release|ARM.Build.0 = Release|Any CPU
		{E71F3053-056C-4381-9638-048ED73BDFF6}.Release|x64.ActiveCfg = Release|Any CPU
		{E71F3053-056C-4381-9638-048ED73BDFF6}.Release|x64.Build.0 = Release|Any CPU
		{E71F3053-056C-4381-9638-048ED73BDFF6}.Release|x86.ActiveCfg = Release|Any CPU
		{E71F3053-056C-4381-9638-048ED73BDFF6}.Release|x86.Build.0 = Release|Any CPU
		{44738964-6DEB-4C92-A871-F60626A47E98}.Debug|Any CPU.ActiveCfg = Debug|Any CPU
		{44738964-6DEB-4C92-A871-F60626A47E98}.Debug|Any CPU.Build.0 = Debug|Any CPU
		{44738964-6DEB-4C92-A871-F60626A47E98}.Debug|ARM.ActiveCfg = Debug|ARM
		{44738964-6DEB-4C92-A871-F60626A47E98}.Debug|ARM.Build.0 = Debug|ARM
		{44738964-6DEB-4C92-A871-F60626A47E98}.Debug|x64.ActiveCfg = Debug|x64
		{44738964-6DEB-4C92-A871-F60626A47E98}.Debug|x64.Build.0 = Debug|x64
		{44738964-6DEB-4C92-A871-F60626A47E98}.Debug|x86.ActiveCfg = Debug|x86
		{44738964-6DEB-4C92-A871-F60626A47E98}.Debug|x86.Build.0 = Debug|x86
		{44738964-6DEB-4C92-A871-F60626A47E98}.Release|Any CPU.ActiveCfg = Release|Any CPU
		{44738964-6DEB-4C92-A871-F60626A47E98}.Release|Any CPU.Build.0 = Release|Any CPU
		{44738964-6DEB-4C92-A871-F60626A47E98}.Release|ARM.ActiveCfg = Release|ARM
		{44738964-6DEB-4C92-A871-F60626A47E98}.Release|ARM.Build.0 = Release|ARM
		{44738964-6DEB-4C92-A871-F60626A47E98}.Release|x64.ActiveCfg = Release|x64
		{44738964-6DEB-4C92-A871-F60626A47E98}.Release|x64.Build.0 = Release|x64
		{44738964-6DEB-4C92-A871-F60626A47E98}.Release|x86.ActiveCfg = Release|x86
		{44738964-6DEB-4C92-A871-F60626A47E98}.Release|x86.Build.0 = Release|x86
	EndGlobalSection
	GlobalSection(SolutionProperties) = preSolution
		HideSolutionNode = FALSE
	EndGlobalSection
	GlobalSection(NestedProjects) = preSolution
		{9B025DC4-DB6F-4263-8FF6-18CECEB6B959} = {571408D0-78B2-46A1-8EF0-E336ABBE76AA}
		{389E24F3-74EE-46F0-8BBB-CC91C006004C} = {571408D0-78B2-46A1-8EF0-E336ABBE76AA}
		{31E10725-9320-49D6-9AD6-51300C5EB634} = {A2F5FCEF-26A1-4D28-8C94-C01756502CFD}
		{BC9CE351-C442-44BA-B7A1-438C22C150CA} = {DBC9CAF6-2B63-417C-90E8-A2E7A468697C}
		{A2F5FCEF-26A1-4D28-8C94-C01756502CFD} = {571408D0-78B2-46A1-8EF0-E336ABBE76AA}
		{BC51C7BD-BC44-4EF4-8D71-0E9C68E22BFB} = {571408D0-78B2-46A1-8EF0-E336ABBE76AA}
		{BBB7E8F5-F5A1-4F37-8A37-CBF2D466126A} = {29E4ACEF-ED76-496D-B5AF-DC138DAF7DA0}
		{CBFE51AC-65F0-4B42-AE38-7D6DE5A97B5C} = {A2F5FCEF-26A1-4D28-8C94-C01756502CFD}
		{76008206-9322-4264-87FD-2B63508B6E44} = {A2F5FCEF-26A1-4D28-8C94-C01756502CFD}
		{3F833A13-19AA-4612-81A3-863598C3369D} = {29E4ACEF-ED76-496D-B5AF-DC138DAF7DA0}
		{5A3B237A-B80D-4006-B70C-D1288A6E1F1E} = {29E4ACEF-ED76-496D-B5AF-DC138DAF7DA0}
		{E71F3053-056C-4381-9638-048ED73BDFF6} = {A2F5FCEF-26A1-4D28-8C94-C01756502CFD}
		{44738964-6DEB-4C92-A871-F60626A47E98} = {A2F5FCEF-26A1-4D28-8C94-C01756502CFD}
		{C8FBD2D3-8942-415E-ACF4-E1519E2C7CC4} = {29E4ACEF-ED76-496D-B5AF-DC138DAF7DA0}
	EndGlobalSection
	GlobalSection(ExtensibilityGlobals) = postSolution
		SolutionGuid = {AEDCFDFF-64DD-4D25-BF39-23CDC44AEF71}
	EndGlobalSection
EndGlobal
