
Microsoft Visual Studio Solution File, Format Version 12.00
# Visual Studio Version 17
VisualStudioVersion = 17.7.34221.43
MinimumVisualStudioVersion = 10.0.40219.1
Project("{FAE04EC0-301F-11D3-BF4B-00C04F79EFBC}") = "DemoWebApi", "DemoWebApi\DemoWebApi.csproj", "{9B025DC4-DB6F-4263-8FF6-18CECEB6B959}"
EndProject
Project("{FAE04EC0-301F-11D3-BF4B-00C04F79EFBC}") = "DemoWebApi.DemoData", "DemoWebApi.DemoData\DemoWebApi.DemoData.csproj", "{389E24F3-74EE-46F0-8BBB-CC91C006004C}"
EndProject
Project("{FAE04EC0-301F-11D3-BF4B-00C04F79EFBC}") = "DemoWebApi.ClientApi", "DemoWebApi.ClientApi\DemoWebApi.ClientApi.csproj", "{31E10725-9320-49D6-9AD6-51300C5EB634}"
EndProject
Project("{FAE04EC0-301F-11D3-BF4B-00C04F79EFBC}") = "IntegrationTests", "Tests\IntegrationTests\IntegrationTests.csproj", "{BC9CE351-C442-44BA-B7A1-438C22C150CA}"
EndProject
Project("{2150E333-8FDC-42A3-9474-1A3956D46DE8}") = "Tests", "Tests", "{DBC9CAF6-2B63-417C-90E8-A2E7A468697C}"
EndProject
Project("{2150E333-8FDC-42A3-9474-1A3956D46DE8}") = "Demo", "Demo", "{571408D0-78B2-46A1-8EF0-E336ABBE76AA}"
EndProject
Project("{2150E333-8FDC-42A3-9474-1A3956D46DE8}") = "Solution Items", "Solution Items", "{9A209BA4-555C-45E6-979B-05F702889260}"
	ProjectSection(SolutionItems) = preProject
		CreateClientApi.ps1 = CreateClientApi.ps1
		Readme.md = Readme.md
	EndProjectSection
EndProject
Project("{2150E333-8FDC-42A3-9474-1A3956D46DE8}") = "ClientApi", "ClientApi", "{A2F5FCEF-26A1-4D28-8C94-C01756502CFD}"
EndProject
Project("{FAE04EC0-301F-11D3-BF4B-00C04F79EFBC}") = "DemoAngular2", "DemoAngular2\DemoAngular2.csproj", "{BC51C7BD-BC44-4EF4-8D71-0E9C68E22BFB}"
EndProject
Project("{2150E333-8FDC-42A3-9474-1A3956D46DE8}") = "Mobile", "Mobile", "{29E4ACEF-ED76-496D-B5AF-DC138DAF7DA0}"
EndProject
Project("{D954291E-2A0B-460D-934E-DC6B0785DB48}") = "DemoWebApi.ClientApiShared", "DemoWebApi.ClientApiShared\DemoWebApi.ClientApiShared.shproj", "{CBFE51AC-65F0-4B42-AE38-7D6DE5A97B5C}"
EndProject
Project("{FAE04EC0-301F-11D3-BF4B-00C04F79EFBC}") = "Fonlow.Heroes.Android", "Mobile\Fonlow.Heroes.Android\Fonlow.Heroes.Android.csproj", "{BBB7E8F5-F5A1-4F37-8A37-CBF2D466126A}"
EndProject
Project("{9A19103F-16F7-4668-BE54-9A1E7A4F7556}") = "Fonlow.Heroes.ViewModels", "Mobile\Fonlow.Heroes.ViewModels\Fonlow.Heroes.ViewModels.csproj", "{72A5831D-4FD8-474A-87BF-B8E29E48A7E9}"
EndProject
Project("{9A19103F-16F7-4668-BE54-9A1E7A4F7556}") = "DemoWebApi.ClientApiStandard", "DemoWebApi.ClientApiStandard\DemoWebApi.ClientApiStandard.csproj", "{4DDBA5B5-778F-4B34-BA15-130D5F65AAB4}"
EndProject
Project("{9A19103F-16F7-4668-BE54-9A1E7A4F7556}") = "Fonlow.Heroes.Views", "Mobile\Fonlow.Heroes.Views\Fonlow.Heroes.Views.csproj", "{278BE794-444F-4CB2-AB5D-1EE68EEDD65F}"
EndProject
Project("{FAE04EC0-301F-11D3-BF4B-00C04F79EFBC}") = "Fonlow.Heroes.iOS", "Mobile\Fonlow.Heroes.iOS\Fonlow.Heroes.iOS.csproj", "{101E3060-8799-4119-8A7A-4F86A01C0C84}"
EndProject
Global
	GlobalSection(SolutionConfigurationPlatforms) = preSolution
		Ad-Hoc|Any CPU = Ad-Hoc|Any CPU
		Ad-Hoc|ARM = Ad-Hoc|ARM
		Ad-Hoc|iPhone = Ad-Hoc|iPhone
		Ad-Hoc|iPhoneSimulator = Ad-Hoc|iPhoneSimulator
		Ad-Hoc|x64 = Ad-Hoc|x64
		Ad-Hoc|x86 = Ad-Hoc|x86
		AppStore|Any CPU = AppStore|Any CPU
		AppStore|ARM = AppStore|ARM
		AppStore|iPhone = AppStore|iPhone
		AppStore|iPhoneSimulator = AppStore|iPhoneSimulator
		AppStore|x64 = AppStore|x64
		AppStore|x86 = AppStore|x86
		Debug|Any CPU = Debug|Any CPU
		Debug|ARM = Debug|ARM
		Debug|iPhone = Debug|iPhone
		Debug|iPhoneSimulator = Debug|iPhoneSimulator
		Debug|x64 = Debug|x64
		Debug|x86 = Debug|x86
		Release|Any CPU = Release|Any CPU
		Release|ARM = Release|ARM
		Release|iPhone = Release|iPhone
		Release|iPhoneSimulator = Release|iPhoneSimulator
		Release|x64 = Release|x64
		Release|x86 = Release|x86
	EndGlobalSection
	GlobalSection(ProjectConfigurationPlatforms) = postSolution
		{9B025DC4-DB6F-4263-8FF6-18CECEB6B959}.Ad-Hoc|Any CPU.ActiveCfg = Release|Any CPU
		{9B025DC4-DB6F-4263-8FF6-18CECEB6B959}.Ad-Hoc|Any CPU.Build.0 = Release|Any CPU
		{9B025DC4-DB6F-4263-8FF6-18CECEB6B959}.Ad-Hoc|ARM.ActiveCfg = Release|Any CPU
		{9B025DC4-DB6F-4263-8FF6-18CECEB6B959}.Ad-Hoc|ARM.Build.0 = Release|Any CPU
		{9B025DC4-DB6F-4263-8FF6-18CECEB6B959}.Ad-Hoc|iPhone.ActiveCfg = Release|Any CPU
		{9B025DC4-DB6F-4263-8FF6-18CECEB6B959}.Ad-Hoc|iPhone.Build.0 = Release|Any CPU
		{9B025DC4-DB6F-4263-8FF6-18CECEB6B959}.Ad-Hoc|iPhoneSimulator.ActiveCfg = Release|Any CPU
		{9B025DC4-DB6F-4263-8FF6-18CECEB6B959}.Ad-Hoc|iPhoneSimulator.Build.0 = Release|Any CPU
		{9B025DC4-DB6F-4263-8FF6-18CECEB6B959}.Ad-Hoc|x64.ActiveCfg = Release|Any CPU
		{9B025DC4-DB6F-4263-8FF6-18CECEB6B959}.Ad-Hoc|x64.Build.0 = Release|Any CPU
		{9B025DC4-DB6F-4263-8FF6-18CECEB6B959}.Ad-Hoc|x86.ActiveCfg = Release|Any CPU
		{9B025DC4-DB6F-4263-8FF6-18CECEB6B959}.Ad-Hoc|x86.Build.0 = Release|Any CPU
		{9B025DC4-DB6F-4263-8FF6-18CECEB6B959}.AppStore|Any CPU.ActiveCfg = Release|Any CPU
		{9B025DC4-DB6F-4263-8FF6-18CECEB6B959}.AppStore|Any CPU.Build.0 = Release|Any CPU
		{9B025DC4-DB6F-4263-8FF6-18CECEB6B959}.AppStore|ARM.ActiveCfg = Release|Any CPU
		{9B025DC4-DB6F-4263-8FF6-18CECEB6B959}.AppStore|ARM.Build.0 = Release|Any CPU
		{9B025DC4-DB6F-4263-8FF6-18CECEB6B959}.AppStore|iPhone.ActiveCfg = Release|Any CPU
		{9B025DC4-DB6F-4263-8FF6-18CECEB6B959}.AppStore|iPhone.Build.0 = Release|Any CPU
		{9B025DC4-DB6F-4263-8FF6-18CECEB6B959}.AppStore|iPhoneSimulator.ActiveCfg = Release|Any CPU
		{9B025DC4-DB6F-4263-8FF6-18CECEB6B959}.AppStore|iPhoneSimulator.Build.0 = Release|Any CPU
		{9B025DC4-DB6F-4263-8FF6-18CECEB6B959}.AppStore|x64.ActiveCfg = Release|Any CPU
		{9B025DC4-DB6F-4263-8FF6-18CECEB6B959}.AppStore|x64.Build.0 = Release|Any CPU
		{9B025DC4-DB6F-4263-8FF6-18CECEB6B959}.AppStore|x86.ActiveCfg = Release|Any CPU
		{9B025DC4-DB6F-4263-8FF6-18CECEB6B959}.AppStore|x86.Build.0 = Release|Any CPU
		{9B025DC4-DB6F-4263-8FF6-18CECEB6B959}.Debug|Any CPU.ActiveCfg = Debug|Any CPU
		{9B025DC4-DB6F-4263-8FF6-18CECEB6B959}.Debug|Any CPU.Build.0 = Debug|Any CPU
		{9B025DC4-DB6F-4263-8FF6-18CECEB6B959}.Debug|ARM.ActiveCfg = Debug|Any CPU
		{9B025DC4-DB6F-4263-8FF6-18CECEB6B959}.Debug|ARM.Build.0 = Debug|Any CPU
		{9B025DC4-DB6F-4263-8FF6-18CECEB6B959}.Debug|iPhone.ActiveCfg = Debug|Any CPU
		{9B025DC4-DB6F-4263-8FF6-18CECEB6B959}.Debug|iPhone.Build.0 = Debug|Any CPU
		{9B025DC4-DB6F-4263-8FF6-18CECEB6B959}.Debug|iPhoneSimulator.ActiveCfg = Debug|Any CPU
		{9B025DC4-DB6F-4263-8FF6-18CECEB6B959}.Debug|iPhoneSimulator.Build.0 = Debug|Any CPU
		{9B025DC4-DB6F-4263-8FF6-18CECEB6B959}.Debug|x64.ActiveCfg = Debug|Any CPU
		{9B025DC4-DB6F-4263-8FF6-18CECEB6B959}.Debug|x64.Build.0 = Debug|Any CPU
		{9B025DC4-DB6F-4263-8FF6-18CECEB6B959}.Debug|x86.ActiveCfg = Debug|Any CPU
		{9B025DC4-DB6F-4263-8FF6-18CECEB6B959}.Debug|x86.Build.0 = Debug|Any CPU
		{9B025DC4-DB6F-4263-8FF6-18CECEB6B959}.Release|Any CPU.ActiveCfg = Release|Any CPU
		{9B025DC4-DB6F-4263-8FF6-18CECEB6B959}.Release|Any CPU.Build.0 = Release|Any CPU
		{9B025DC4-DB6F-4263-8FF6-18CECEB6B959}.Release|ARM.ActiveCfg = Release|Any CPU
		{9B025DC4-DB6F-4263-8FF6-18CECEB6B959}.Release|ARM.Build.0 = Release|Any CPU
		{9B025DC4-DB6F-4263-8FF6-18CECEB6B959}.Release|iPhone.ActiveCfg = Release|Any CPU
		{9B025DC4-DB6F-4263-8FF6-18CECEB6B959}.Release|iPhone.Build.0 = Release|Any CPU
		{9B025DC4-DB6F-4263-8FF6-18CECEB6B959}.Release|iPhoneSimulator.ActiveCfg = Release|Any CPU
		{9B025DC4-DB6F-4263-8FF6-18CECEB6B959}.Release|iPhoneSimulator.Build.0 = Release|Any CPU
		{9B025DC4-DB6F-4263-8FF6-18CECEB6B959}.Release|x64.ActiveCfg = Release|Any CPU
		{9B025DC4-DB6F-4263-8FF6-18CECEB6B959}.Release|x64.Build.0 = Release|Any CPU
		{9B025DC4-DB6F-4263-8FF6-18CECEB6B959}.Release|x86.ActiveCfg = Release|Any CPU
		{9B025DC4-DB6F-4263-8FF6-18CECEB6B959}.Release|x86.Build.0 = Release|Any CPU
		{389E24F3-74EE-46F0-8BBB-CC91C006004C}.Ad-Hoc|Any CPU.ActiveCfg = Release|Any CPU
		{389E24F3-74EE-46F0-8BBB-CC91C006004C}.Ad-Hoc|Any CPU.Build.0 = Release|Any CPU
		{389E24F3-74EE-46F0-8BBB-CC91C006004C}.Ad-Hoc|ARM.ActiveCfg = Release|Any CPU
		{389E24F3-74EE-46F0-8BBB-CC91C006004C}.Ad-Hoc|ARM.Build.0 = Release|Any CPU
		{389E24F3-74EE-46F0-8BBB-CC91C006004C}.Ad-Hoc|iPhone.ActiveCfg = Release|Any CPU
		{389E24F3-74EE-46F0-8BBB-CC91C006004C}.Ad-Hoc|iPhone.Build.0 = Release|Any CPU
		{389E24F3-74EE-46F0-8BBB-CC91C006004C}.Ad-Hoc|iPhoneSimulator.ActiveCfg = Release|Any CPU
		{389E24F3-74EE-46F0-8BBB-CC91C006004C}.Ad-Hoc|iPhoneSimulator.Build.0 = Release|Any CPU
		{389E24F3-74EE-46F0-8BBB-CC91C006004C}.Ad-Hoc|x64.ActiveCfg = Release|Any CPU
		{389E24F3-74EE-46F0-8BBB-CC91C006004C}.Ad-Hoc|x64.Build.0 = Release|Any CPU
		{389E24F3-74EE-46F0-8BBB-CC91C006004C}.Ad-Hoc|x86.ActiveCfg = Release|Any CPU
		{389E24F3-74EE-46F0-8BBB-CC91C006004C}.Ad-Hoc|x86.Build.0 = Release|Any CPU
		{389E24F3-74EE-46F0-8BBB-CC91C006004C}.AppStore|Any CPU.ActiveCfg = Release|Any CPU
		{389E24F3-74EE-46F0-8BBB-CC91C006004C}.AppStore|Any CPU.Build.0 = Release|Any CPU
		{389E24F3-74EE-46F0-8BBB-CC91C006004C}.AppStore|ARM.ActiveCfg = Release|Any CPU
		{389E24F3-74EE-46F0-8BBB-CC91C006004C}.AppStore|ARM.Build.0 = Release|Any CPU
		{389E24F3-74EE-46F0-8BBB-CC91C006004C}.AppStore|iPhone.ActiveCfg = Release|Any CPU
		{389E24F3-74EE-46F0-8BBB-CC91C006004C}.AppStore|iPhone.Build.0 = Release|Any CPU
		{389E24F3-74EE-46F0-8BBB-CC91C006004C}.AppStore|iPhoneSimulator.ActiveCfg = Release|Any CPU
		{389E24F3-74EE-46F0-8BBB-CC91C006004C}.AppStore|iPhoneSimulator.Build.0 = Release|Any CPU
		{389E24F3-74EE-46F0-8BBB-CC91C006004C}.AppStore|x64.ActiveCfg = Release|Any CPU
		{389E24F3-74EE-46F0-8BBB-CC91C006004C}.AppStore|x64.Build.0 = Release|Any CPU
		{389E24F3-74EE-46F0-8BBB-CC91C006004C}.AppStore|x86.ActiveCfg = Release|Any CPU
		{389E24F3-74EE-46F0-8BBB-CC91C006004C}.AppStore|x86.Build.0 = Release|Any CPU
		{389E24F3-74EE-46F0-8BBB-CC91C006004C}.Debug|Any CPU.ActiveCfg = Debug|Any CPU
		{389E24F3-74EE-46F0-8BBB-CC91C006004C}.Debug|Any CPU.Build.0 = Debug|Any CPU
		{389E24F3-74EE-46F0-8BBB-CC91C006004C}.Debug|ARM.ActiveCfg = Debug|Any CPU
		{389E24F3-74EE-46F0-8BBB-CC91C006004C}.Debug|ARM.Build.0 = Debug|Any CPU
		{389E24F3-74EE-46F0-8BBB-CC91C006004C}.Debug|iPhone.ActiveCfg = Debug|Any CPU
		{389E24F3-74EE-46F0-8BBB-CC91C006004C}.Debug|iPhone.Build.0 = Debug|Any CPU
		{389E24F3-74EE-46F0-8BBB-CC91C006004C}.Debug|iPhoneSimulator.ActiveCfg = Debug|Any CPU
		{389E24F3-74EE-46F0-8BBB-CC91C006004C}.Debug|iPhoneSimulator.Build.0 = Debug|Any CPU
		{389E24F3-74EE-46F0-8BBB-CC91C006004C}.Debug|x64.ActiveCfg = Debug|Any CPU
		{389E24F3-74EE-46F0-8BBB-CC91C006004C}.Debug|x64.Build.0 = Debug|Any CPU
		{389E24F3-74EE-46F0-8BBB-CC91C006004C}.Debug|x86.ActiveCfg = Debug|Any CPU
		{389E24F3-74EE-46F0-8BBB-CC91C006004C}.Debug|x86.Build.0 = Debug|Any CPU
		{389E24F3-74EE-46F0-8BBB-CC91C006004C}.Release|Any CPU.ActiveCfg = Release|Any CPU
		{389E24F3-74EE-46F0-8BBB-CC91C006004C}.Release|Any CPU.Build.0 = Release|Any CPU
		{389E24F3-74EE-46F0-8BBB-CC91C006004C}.Release|ARM.ActiveCfg = Release|Any CPU
		{389E24F3-74EE-46F0-8BBB-CC91C006004C}.Release|ARM.Build.0 = Release|Any CPU
		{389E24F3-74EE-46F0-8BBB-CC91C006004C}.Release|iPhone.ActiveCfg = Release|Any CPU
		{389E24F3-74EE-46F0-8BBB-CC91C006004C}.Release|iPhone.Build.0 = Release|Any CPU
		{389E24F3-74EE-46F0-8BBB-CC91C006004C}.Release|iPhoneSimulator.ActiveCfg = Release|Any CPU
		{389E24F3-74EE-46F0-8BBB-CC91C006004C}.Release|iPhoneSimulator.Build.0 = Release|Any CPU
		{389E24F3-74EE-46F0-8BBB-CC91C006004C}.Release|x64.ActiveCfg = Release|Any CPU
		{389E24F3-74EE-46F0-8BBB-CC91C006004C}.Release|x64.Build.0 = Release|Any CPU
		{389E24F3-74EE-46F0-8BBB-CC91C006004C}.Release|x86.ActiveCfg = Release|Any CPU
		{389E24F3-74EE-46F0-8BBB-CC91C006004C}.Release|x86.Build.0 = Release|Any CPU
		{31E10725-9320-49D6-9AD6-51300C5EB634}.Ad-Hoc|Any CPU.ActiveCfg = Release|Any CPU
		{31E10725-9320-49D6-9AD6-51300C5EB634}.Ad-Hoc|Any CPU.Build.0 = Release|Any CPU
		{31E10725-9320-49D6-9AD6-51300C5EB634}.Ad-Hoc|ARM.ActiveCfg = Release|Any CPU
		{31E10725-9320-49D6-9AD6-51300C5EB634}.Ad-Hoc|ARM.Build.0 = Release|Any CPU
		{31E10725-9320-49D6-9AD6-51300C5EB634}.Ad-Hoc|iPhone.ActiveCfg = Release|Any CPU
		{31E10725-9320-49D6-9AD6-51300C5EB634}.Ad-Hoc|iPhone.Build.0 = Release|Any CPU
		{31E10725-9320-49D6-9AD6-51300C5EB634}.Ad-Hoc|iPhoneSimulator.ActiveCfg = Release|Any CPU
		{31E10725-9320-49D6-9AD6-51300C5EB634}.Ad-Hoc|iPhoneSimulator.Build.0 = Release|Any CPU
		{31E10725-9320-49D6-9AD6-51300C5EB634}.Ad-Hoc|x64.ActiveCfg = Release|Any CPU
		{31E10725-9320-49D6-9AD6-51300C5EB634}.Ad-Hoc|x64.Build.0 = Release|Any CPU
		{31E10725-9320-49D6-9AD6-51300C5EB634}.Ad-Hoc|x86.ActiveCfg = Release|Any CPU
		{31E10725-9320-49D6-9AD6-51300C5EB634}.Ad-Hoc|x86.Build.0 = Release|Any CPU
		{31E10725-9320-49D6-9AD6-51300C5EB634}.AppStore|Any CPU.ActiveCfg = Release|Any CPU
		{31E10725-9320-49D6-9AD6-51300C5EB634}.AppStore|Any CPU.Build.0 = Release|Any CPU
		{31E10725-9320-49D6-9AD6-51300C5EB634}.AppStore|ARM.ActiveCfg = Release|Any CPU
		{31E10725-9320-49D6-9AD6-51300C5EB634}.AppStore|ARM.Build.0 = Release|Any CPU
		{31E10725-9320-49D6-9AD6-51300C5EB634}.AppStore|iPhone.ActiveCfg = Release|Any CPU
		{31E10725-9320-49D6-9AD6-51300C5EB634}.AppStore|iPhone.Build.0 = Release|Any CPU
		{31E10725-9320-49D6-9AD6-51300C5EB634}.AppStore|iPhoneSimulator.ActiveCfg = Release|Any CPU
		{31E10725-9320-49D6-9AD6-51300C5EB634}.AppStore|iPhoneSimulator.Build.0 = Release|Any CPU
		{31E10725-9320-49D6-9AD6-51300C5EB634}.AppStore|x64.ActiveCfg = Release|Any CPU
		{31E10725-9320-49D6-9AD6-51300C5EB634}.AppStore|x64.Build.0 = Release|Any CPU
		{31E10725-9320-49D6-9AD6-51300C5EB634}.AppStore|x86.ActiveCfg = Release|Any CPU
		{31E10725-9320-49D6-9AD6-51300C5EB634}.AppStore|x86.Build.0 = Release|Any CPU
		{31E10725-9320-49D6-9AD6-51300C5EB634}.Debug|Any CPU.ActiveCfg = Debug|Any CPU
		{31E10725-9320-49D6-9AD6-51300C5EB634}.Debug|Any CPU.Build.0 = Debug|Any CPU
		{31E10725-9320-49D6-9AD6-51300C5EB634}.Debug|ARM.ActiveCfg = Debug|Any CPU
		{31E10725-9320-49D6-9AD6-51300C5EB634}.Debug|ARM.Build.0 = Debug|Any CPU
		{31E10725-9320-49D6-9AD6-51300C5EB634}.Debug|iPhone.ActiveCfg = Debug|Any CPU
		{31E10725-9320-49D6-9AD6-51300C5EB634}.Debug|iPhone.Build.0 = Debug|Any CPU
		{31E10725-9320-49D6-9AD6-51300C5EB634}.Debug|iPhoneSimulator.ActiveCfg = Debug|Any CPU
		{31E10725-9320-49D6-9AD6-51300C5EB634}.Debug|iPhoneSimulator.Build.0 = Debug|Any CPU
		{31E10725-9320-49D6-9AD6-51300C5EB634}.Debug|x64.ActiveCfg = Debug|Any CPU
		{31E10725-9320-49D6-9AD6-51300C5EB634}.Debug|x64.Build.0 = Debug|Any CPU
		{31E10725-9320-49D6-9AD6-51300C5EB634}.Debug|x86.ActiveCfg = Debug|Any CPU
		{31E10725-9320-49D6-9AD6-51300C5EB634}.Debug|x86.Build.0 = Debug|Any CPU
		{31E10725-9320-49D6-9AD6-51300C5EB634}.Release|Any CPU.ActiveCfg = Release|Any CPU
		{31E10725-9320-49D6-9AD6-51300C5EB634}.Release|Any CPU.Build.0 = Release|Any CPU
		{31E10725-9320-49D6-9AD6-51300C5EB634}.Release|ARM.ActiveCfg = Release|Any CPU
		{31E10725-9320-49D6-9AD6-51300C5EB634}.Release|ARM.Build.0 = Release|Any CPU
		{31E10725-9320-49D6-9AD6-51300C5EB634}.Release|iPhone.ActiveCfg = Release|Any CPU
		{31E10725-9320-49D6-9AD6-51300C5EB634}.Release|iPhone.Build.0 = Release|Any CPU
		{31E10725-9320-49D6-9AD6-51300C5EB634}.Release|iPhoneSimulator.ActiveCfg = Release|Any CPU
		{31E10725-9320-49D6-9AD6-51300C5EB634}.Release|iPhoneSimulator.Build.0 = Release|Any CPU
		{31E10725-9320-49D6-9AD6-51300C5EB634}.Release|x64.ActiveCfg = Release|Any CPU
		{31E10725-9320-49D6-9AD6-51300C5EB634}.Release|x64.Build.0 = Release|Any CPU
		{31E10725-9320-49D6-9AD6-51300C5EB634}.Release|x86.ActiveCfg = Release|Any CPU
		{31E10725-9320-49D6-9AD6-51300C5EB634}.Release|x86.Build.0 = Release|Any CPU
		{BC9CE351-C442-44BA-B7A1-438C22C150CA}.Ad-Hoc|Any CPU.ActiveCfg = Release|Any CPU
		{BC9CE351-C442-44BA-B7A1-438C22C150CA}.Ad-Hoc|Any CPU.Build.0 = Release|Any CPU
		{BC9CE351-C442-44BA-B7A1-438C22C150CA}.Ad-Hoc|ARM.ActiveCfg = Release|Any CPU
		{BC9CE351-C442-44BA-B7A1-438C22C150CA}.Ad-Hoc|ARM.Build.0 = Release|Any CPU
		{BC9CE351-C442-44BA-B7A1-438C22C150CA}.Ad-Hoc|iPhone.ActiveCfg = Release|Any CPU
		{BC9CE351-C442-44BA-B7A1-438C22C150CA}.Ad-Hoc|iPhone.Build.0 = Release|Any CPU
		{BC9CE351-C442-44BA-B7A1-438C22C150CA}.Ad-Hoc|iPhoneSimulator.ActiveCfg = Release|Any CPU
		{BC9CE351-C442-44BA-B7A1-438C22C150CA}.Ad-Hoc|iPhoneSimulator.Build.0 = Release|Any CPU
		{BC9CE351-C442-44BA-B7A1-438C22C150CA}.Ad-Hoc|x64.ActiveCfg = Release|Any CPU
		{BC9CE351-C442-44BA-B7A1-438C22C150CA}.Ad-Hoc|x64.Build.0 = Release|Any CPU
		{BC9CE351-C442-44BA-B7A1-438C22C150CA}.Ad-Hoc|x86.ActiveCfg = Release|Any CPU
		{BC9CE351-C442-44BA-B7A1-438C22C150CA}.Ad-Hoc|x86.Build.0 = Release|Any CPU
		{BC9CE351-C442-44BA-B7A1-438C22C150CA}.AppStore|Any CPU.ActiveCfg = Release|Any CPU
		{BC9CE351-C442-44BA-B7A1-438C22C150CA}.AppStore|Any CPU.Build.0 = Release|Any CPU
		{BC9CE351-C442-44BA-B7A1-438C22C150CA}.AppStore|ARM.ActiveCfg = Release|Any CPU
		{BC9CE351-C442-44BA-B7A1-438C22C150CA}.AppStore|ARM.Build.0 = Release|Any CPU
		{BC9CE351-C442-44BA-B7A1-438C22C150CA}.AppStore|iPhone.ActiveCfg = Release|Any CPU
		{BC9CE351-C442-44BA-B7A1-438C22C150CA}.AppStore|iPhone.Build.0 = Release|Any CPU
		{BC9CE351-C442-44BA-B7A1-438C22C150CA}.AppStore|iPhoneSimulator.ActiveCfg = Release|Any CPU
		{BC9CE351-C442-44BA-B7A1-438C22C150CA}.AppStore|iPhoneSimulator.Build.0 = Release|Any CPU
		{BC9CE351-C442-44BA-B7A1-438C22C150CA}.AppStore|x64.ActiveCfg = Release|Any CPU
		{BC9CE351-C442-44BA-B7A1-438C22C150CA}.AppStore|x64.Build.0 = Release|Any CPU
		{BC9CE351-C442-44BA-B7A1-438C22C150CA}.AppStore|x86.ActiveCfg = Release|Any CPU
		{BC9CE351-C442-44BA-B7A1-438C22C150CA}.AppStore|x86.Build.0 = Release|Any CPU
		{BC9CE351-C442-44BA-B7A1-438C22C150CA}.Debug|Any CPU.ActiveCfg = Debug|Any CPU
		{BC9CE351-C442-44BA-B7A1-438C22C150CA}.Debug|Any CPU.Build.0 = Debug|Any CPU
		{BC9CE351-C442-44BA-B7A1-438C22C150CA}.Debug|ARM.ActiveCfg = Debug|Any CPU
		{BC9CE351-C442-44BA-B7A1-438C22C150CA}.Debug|ARM.Build.0 = Debug|Any CPU
		{BC9CE351-C442-44BA-B7A1-438C22C150CA}.Debug|iPhone.ActiveCfg = Debug|Any CPU
		{BC9CE351-C442-44BA-B7A1-438C22C150CA}.Debug|iPhone.Build.0 = Debug|Any CPU
		{BC9CE351-C442-44BA-B7A1-438C22C150CA}.Debug|iPhoneSimulator.ActiveCfg = Debug|Any CPU
		{BC9CE351-C442-44BA-B7A1-438C22C150CA}.Debug|iPhoneSimulator.Build.0 = Debug|Any CPU
		{BC9CE351-C442-44BA-B7A1-438C22C150CA}.Debug|x64.ActiveCfg = Debug|Any CPU
		{BC9CE351-C442-44BA-B7A1-438C22C150CA}.Debug|x64.Build.0 = Debug|Any CPU
		{BC9CE351-C442-44BA-B7A1-438C22C150CA}.Debug|x86.ActiveCfg = Debug|Any CPU
		{BC9CE351-C442-44BA-B7A1-438C22C150CA}.Debug|x86.Build.0 = Debug|Any CPU
		{BC9CE351-C442-44BA-B7A1-438C22C150CA}.Release|Any CPU.ActiveCfg = Release|Any CPU
		{BC9CE351-C442-44BA-B7A1-438C22C150CA}.Release|Any CPU.Build.0 = Release|Any CPU
		{BC9CE351-C442-44BA-B7A1-438C22C150CA}.Release|ARM.ActiveCfg = Release|Any CPU
		{BC9CE351-C442-44BA-B7A1-438C22C150CA}.Release|ARM.Build.0 = Release|Any CPU
		{BC9CE351-C442-44BA-B7A1-438C22C150CA}.Release|iPhone.ActiveCfg = Release|Any CPU
		{BC9CE351-C442-44BA-B7A1-438C22C150CA}.Release|iPhone.Build.0 = Release|Any CPU
		{BC9CE351-C442-44BA-B7A1-438C22C150CA}.Release|iPhoneSimulator.ActiveCfg = Release|Any CPU
		{BC9CE351-C442-44BA-B7A1-438C22C150CA}.Release|iPhoneSimulator.Build.0 = Release|Any CPU
		{BC9CE351-C442-44BA-B7A1-438C22C150CA}.Release|x64.ActiveCfg = Release|Any CPU
		{BC9CE351-C442-44BA-B7A1-438C22C150CA}.Release|x64.Build.0 = Release|Any CPU
		{BC9CE351-C442-44BA-B7A1-438C22C150CA}.Release|x86.ActiveCfg = Release|Any CPU
		{BC9CE351-C442-44BA-B7A1-438C22C150CA}.Release|x86.Build.0 = Release|Any CPU
		{BC51C7BD-BC44-4EF4-8D71-0E9C68E22BFB}.Ad-Hoc|Any CPU.ActiveCfg = Release|Any CPU
		{BC51C7BD-BC44-4EF4-8D71-0E9C68E22BFB}.Ad-Hoc|Any CPU.Build.0 = Release|Any CPU
		{BC51C7BD-BC44-4EF4-8D71-0E9C68E22BFB}.Ad-Hoc|ARM.ActiveCfg = Release|Any CPU
		{BC51C7BD-BC44-4EF4-8D71-0E9C68E22BFB}.Ad-Hoc|ARM.Build.0 = Release|Any CPU
		{BC51C7BD-BC44-4EF4-8D71-0E9C68E22BFB}.Ad-Hoc|iPhone.ActiveCfg = Release|Any CPU
		{BC51C7BD-BC44-4EF4-8D71-0E9C68E22BFB}.Ad-Hoc|iPhone.Build.0 = Release|Any CPU
		{BC51C7BD-BC44-4EF4-8D71-0E9C68E22BFB}.Ad-Hoc|iPhoneSimulator.ActiveCfg = Release|Any CPU
		{BC51C7BD-BC44-4EF4-8D71-0E9C68E22BFB}.Ad-Hoc|iPhoneSimulator.Build.0 = Release|Any CPU
		{BC51C7BD-BC44-4EF4-8D71-0E9C68E22BFB}.Ad-Hoc|x64.ActiveCfg = Release|Any CPU
		{BC51C7BD-BC44-4EF4-8D71-0E9C68E22BFB}.Ad-Hoc|x64.Build.0 = Release|Any CPU
		{BC51C7BD-BC44-4EF4-8D71-0E9C68E22BFB}.Ad-Hoc|x86.ActiveCfg = Release|Any CPU
		{BC51C7BD-BC44-4EF4-8D71-0E9C68E22BFB}.Ad-Hoc|x86.Build.0 = Release|Any CPU
		{BC51C7BD-BC44-4EF4-8D71-0E9C68E22BFB}.AppStore|Any CPU.ActiveCfg = Release|Any CPU
		{BC51C7BD-BC44-4EF4-8D71-0E9C68E22BFB}.AppStore|Any CPU.Build.0 = Release|Any CPU
		{BC51C7BD-BC44-4EF4-8D71-0E9C68E22BFB}.AppStore|ARM.ActiveCfg = Release|Any CPU
		{BC51C7BD-BC44-4EF4-8D71-0E9C68E22BFB}.AppStore|ARM.Build.0 = Release|Any CPU
		{BC51C7BD-BC44-4EF4-8D71-0E9C68E22BFB}.AppStore|iPhone.ActiveCfg = Release|Any CPU
		{BC51C7BD-BC44-4EF4-8D71-0E9C68E22BFB}.AppStore|iPhone.Build.0 = Release|Any CPU
		{BC51C7BD-BC44-4EF4-8D71-0E9C68E22BFB}.AppStore|iPhoneSimulator.ActiveCfg = Release|Any CPU
		{BC51C7BD-BC44-4EF4-8D71-0E9C68E22BFB}.AppStore|iPhoneSimulator.Build.0 = Release|Any CPU
		{BC51C7BD-BC44-4EF4-8D71-0E9C68E22BFB}.AppStore|x64.ActiveCfg = Release|Any CPU
		{BC51C7BD-BC44-4EF4-8D71-0E9C68E22BFB}.AppStore|x64.Build.0 = Release|Any CPU
		{BC51C7BD-BC44-4EF4-8D71-0E9C68E22BFB}.AppStore|x86.ActiveCfg = Release|Any CPU
		{BC51C7BD-BC44-4EF4-8D71-0E9C68E22BFB}.AppStore|x86.Build.0 = Release|Any CPU
		{BC51C7BD-BC44-4EF4-8D71-0E9C68E22BFB}.Debug|Any CPU.ActiveCfg = Debug|Any CPU
		{BC51C7BD-BC44-4EF4-8D71-0E9C68E22BFB}.Debug|Any CPU.Build.0 = Debug|Any CPU
		{BC51C7BD-BC44-4EF4-8D71-0E9C68E22BFB}.Debug|ARM.ActiveCfg = Debug|Any CPU
		{BC51C7BD-BC44-4EF4-8D71-0E9C68E22BFB}.Debug|ARM.Build.0 = Debug|Any CPU
		{BC51C7BD-BC44-4EF4-8D71-0E9C68E22BFB}.Debug|iPhone.ActiveCfg = Debug|Any CPU
		{BC51C7BD-BC44-4EF4-8D71-0E9C68E22BFB}.Debug|iPhone.Build.0 = Debug|Any CPU
		{BC51C7BD-BC44-4EF4-8D71-0E9C68E22BFB}.Debug|iPhoneSimulator.ActiveCfg = Debug|Any CPU
		{BC51C7BD-BC44-4EF4-8D71-0E9C68E22BFB}.Debug|iPhoneSimulator.Build.0 = Debug|Any CPU
		{BC51C7BD-BC44-4EF4-8D71-0E9C68E22BFB}.Debug|x64.ActiveCfg = Debug|Any CPU
		{BC51C7BD-BC44-4EF4-8D71-0E9C68E22BFB}.Debug|x64.Build.0 = Debug|Any CPU
		{BC51C7BD-BC44-4EF4-8D71-0E9C68E22BFB}.Debug|x86.ActiveCfg = Debug|Any CPU
		{BC51C7BD-BC44-4EF4-8D71-0E9C68E22BFB}.Debug|x86.Build.0 = Debug|Any CPU
		{BC51C7BD-BC44-4EF4-8D71-0E9C68E22BFB}.Release|Any CPU.ActiveCfg = Release|Any CPU
		{BC51C7BD-BC44-4EF4-8D71-0E9C68E22BFB}.Release|Any CPU.Build.0 = Release|Any CPU
		{BC51C7BD-BC44-4EF4-8D71-0E9C68E22BFB}.Release|ARM.ActiveCfg = Release|Any CPU
		{BC51C7BD-BC44-4EF4-8D71-0E9C68E22BFB}.Release|ARM.Build.0 = Release|Any CPU
		{BC51C7BD-BC44-4EF4-8D71-0E9C68E22BFB}.Release|iPhone.ActiveCfg = Release|Any CPU
		{BC51C7BD-BC44-4EF4-8D71-0E9C68E22BFB}.Release|iPhone.Build.0 = Release|Any CPU
		{BC51C7BD-BC44-4EF4-8D71-0E9C68E22BFB}.Release|iPhoneSimulator.ActiveCfg = Release|Any CPU
		{BC51C7BD-BC44-4EF4-8D71-0E9C68E22BFB}.Release|iPhoneSimulator.Build.0 = Release|Any CPU
		{BC51C7BD-BC44-4EF4-8D71-0E9C68E22BFB}.Release|x64.ActiveCfg = Release|Any CPU
		{BC51C7BD-BC44-4EF4-8D71-0E9C68E22BFB}.Release|x64.Build.0 = Release|Any CPU
		{BC51C7BD-BC44-4EF4-8D71-0E9C68E22BFB}.Release|x86.ActiveCfg = Release|Any CPU
		{BC51C7BD-BC44-4EF4-8D71-0E9C68E22BFB}.Release|x86.Build.0 = Release|Any CPU
		{BBB7E8F5-F5A1-4F37-8A37-CBF2D466126A}.Ad-Hoc|Any CPU.ActiveCfg = Release|Any CPU
		{BBB7E8F5-F5A1-4F37-8A37-CBF2D466126A}.Ad-Hoc|Any CPU.Build.0 = Release|Any CPU
		{BBB7E8F5-F5A1-4F37-8A37-CBF2D466126A}.Ad-Hoc|Any CPU.Deploy.0 = Release|Any CPU
		{BBB7E8F5-F5A1-4F37-8A37-CBF2D466126A}.Ad-Hoc|ARM.ActiveCfg = Release|Any CPU
		{BBB7E8F5-F5A1-4F37-8A37-CBF2D466126A}.Ad-Hoc|ARM.Build.0 = Release|Any CPU
		{BBB7E8F5-F5A1-4F37-8A37-CBF2D466126A}.Ad-Hoc|ARM.Deploy.0 = Release|Any CPU
		{BBB7E8F5-F5A1-4F37-8A37-CBF2D466126A}.Ad-Hoc|iPhone.ActiveCfg = Release|Any CPU
		{BBB7E8F5-F5A1-4F37-8A37-CBF2D466126A}.Ad-Hoc|iPhone.Build.0 = Release|Any CPU
		{BBB7E8F5-F5A1-4F37-8A37-CBF2D466126A}.Ad-Hoc|iPhone.Deploy.0 = Release|Any CPU
		{BBB7E8F5-F5A1-4F37-8A37-CBF2D466126A}.Ad-Hoc|iPhoneSimulator.ActiveCfg = Release|Any CPU
		{BBB7E8F5-F5A1-4F37-8A37-CBF2D466126A}.Ad-Hoc|iPhoneSimulator.Build.0 = Release|Any CPU
		{BBB7E8F5-F5A1-4F37-8A37-CBF2D466126A}.Ad-Hoc|iPhoneSimulator.Deploy.0 = Release|Any CPU
		{BBB7E8F5-F5A1-4F37-8A37-CBF2D466126A}.Ad-Hoc|x64.ActiveCfg = Release|Any CPU
		{BBB7E8F5-F5A1-4F37-8A37-CBF2D466126A}.Ad-Hoc|x64.Build.0 = Release|Any CPU
		{BBB7E8F5-F5A1-4F37-8A37-CBF2D466126A}.Ad-Hoc|x64.Deploy.0 = Release|Any CPU
		{BBB7E8F5-F5A1-4F37-8A37-CBF2D466126A}.Ad-Hoc|x86.ActiveCfg = Release|Any CPU
		{BBB7E8F5-F5A1-4F37-8A37-CBF2D466126A}.Ad-Hoc|x86.Build.0 = Release|Any CPU
		{BBB7E8F5-F5A1-4F37-8A37-CBF2D466126A}.Ad-Hoc|x86.Deploy.0 = Release|Any CPU
		{BBB7E8F5-F5A1-4F37-8A37-CBF2D466126A}.AppStore|Any CPU.ActiveCfg = Release|Any CPU
		{BBB7E8F5-F5A1-4F37-8A37-CBF2D466126A}.AppStore|Any CPU.Build.0 = Release|Any CPU
		{BBB7E8F5-F5A1-4F37-8A37-CBF2D466126A}.AppStore|Any CPU.Deploy.0 = Release|Any CPU
		{BBB7E8F5-F5A1-4F37-8A37-CBF2D466126A}.AppStore|ARM.ActiveCfg = Release|Any CPU
		{BBB7E8F5-F5A1-4F37-8A37-CBF2D466126A}.AppStore|ARM.Build.0 = Release|Any CPU
		{BBB7E8F5-F5A1-4F37-8A37-CBF2D466126A}.AppStore|ARM.Deploy.0 = Release|Any CPU
		{BBB7E8F5-F5A1-4F37-8A37-CBF2D466126A}.AppStore|iPhone.ActiveCfg = Release|Any CPU
		{BBB7E8F5-F5A1-4F37-8A37-CBF2D466126A}.AppStore|iPhone.Build.0 = Release|Any CPU
		{BBB7E8F5-F5A1-4F37-8A37-CBF2D466126A}.AppStore|iPhone.Deploy.0 = Release|Any CPU
		{BBB7E8F5-F5A1-4F37-8A37-CBF2D466126A}.AppStore|iPhoneSimulator.ActiveCfg = Release|Any CPU
		{BBB7E8F5-F5A1-4F37-8A37-CBF2D466126A}.AppStore|iPhoneSimulator.Build.0 = Release|Any CPU
		{BBB7E8F5-F5A1-4F37-8A37-CBF2D466126A}.AppStore|iPhoneSimulator.Deploy.0 = Release|Any CPU
		{BBB7E8F5-F5A1-4F37-8A37-CBF2D466126A}.AppStore|x64.ActiveCfg = Release|Any CPU
		{BBB7E8F5-F5A1-4F37-8A37-CBF2D466126A}.AppStore|x64.Build.0 = Release|Any CPU
		{BBB7E8F5-F5A1-4F37-8A37-CBF2D466126A}.AppStore|x64.Deploy.0 = Release|Any CPU
		{BBB7E8F5-F5A1-4F37-8A37-CBF2D466126A}.AppStore|x86.ActiveCfg = Release|Any CPU
		{BBB7E8F5-F5A1-4F37-8A37-CBF2D466126A}.AppStore|x86.Build.0 = Release|Any CPU
		{BBB7E8F5-F5A1-4F37-8A37-CBF2D466126A}.AppStore|x86.Deploy.0 = Release|Any CPU
		{BBB7E8F5-F5A1-4F37-8A37-CBF2D466126A}.Debug|Any CPU.ActiveCfg = Debug|Any CPU
		{BBB7E8F5-F5A1-4F37-8A37-CBF2D466126A}.Debug|Any CPU.Build.0 = Debug|Any CPU
		{BBB7E8F5-F5A1-4F37-8A37-CBF2D466126A}.Debug|Any CPU.Deploy.0 = Debug|Any CPU
		{BBB7E8F5-F5A1-4F37-8A37-CBF2D466126A}.Debug|ARM.ActiveCfg = Debug|Any CPU
		{BBB7E8F5-F5A1-4F37-8A37-CBF2D466126A}.Debug|ARM.Build.0 = Debug|Any CPU
		{BBB7E8F5-F5A1-4F37-8A37-CBF2D466126A}.Debug|ARM.Deploy.0 = Debug|Any CPU
		{BBB7E8F5-F5A1-4F37-8A37-CBF2D466126A}.Debug|iPhone.ActiveCfg = Debug|Any CPU
		{BBB7E8F5-F5A1-4F37-8A37-CBF2D466126A}.Debug|iPhone.Build.0 = Debug|Any CPU
		{BBB7E8F5-F5A1-4F37-8A37-CBF2D466126A}.Debug|iPhone.Deploy.0 = Debug|Any CPU
		{BBB7E8F5-F5A1-4F37-8A37-CBF2D466126A}.Debug|iPhoneSimulator.ActiveCfg = Debug|Any CPU
		{BBB7E8F5-F5A1-4F37-8A37-CBF2D466126A}.Debug|iPhoneSimulator.Build.0 = Debug|Any CPU
		{BBB7E8F5-F5A1-4F37-8A37-CBF2D466126A}.Debug|iPhoneSimulator.Deploy.0 = Debug|Any CPU
		{BBB7E8F5-F5A1-4F37-8A37-CBF2D466126A}.Debug|x64.ActiveCfg = Debug|Any CPU
		{BBB7E8F5-F5A1-4F37-8A37-CBF2D466126A}.Debug|x64.Build.0 = Debug|Any CPU
		{BBB7E8F5-F5A1-4F37-8A37-CBF2D466126A}.Debug|x64.Deploy.0 = Debug|Any CPU
		{BBB7E8F5-F5A1-4F37-8A37-CBF2D466126A}.Debug|x86.ActiveCfg = Debug|Any CPU
		{BBB7E8F5-F5A1-4F37-8A37-CBF2D466126A}.Debug|x86.Build.0 = Debug|Any CPU
		{BBB7E8F5-F5A1-4F37-8A37-CBF2D466126A}.Debug|x86.Deploy.0 = Debug|Any CPU
		{BBB7E8F5-F5A1-4F37-8A37-CBF2D466126A}.Release|Any CPU.ActiveCfg = Release|Any CPU
		{BBB7E8F5-F5A1-4F37-8A37-CBF2D466126A}.Release|Any CPU.Build.0 = Release|Any CPU
		{BBB7E8F5-F5A1-4F37-8A37-CBF2D466126A}.Release|Any CPU.Deploy.0 = Release|Any CPU
		{BBB7E8F5-F5A1-4F37-8A37-CBF2D466126A}.Release|ARM.ActiveCfg = Release|Any CPU
		{BBB7E8F5-F5A1-4F37-8A37-CBF2D466126A}.Release|ARM.Build.0 = Release|Any CPU
		{BBB7E8F5-F5A1-4F37-8A37-CBF2D466126A}.Release|ARM.Deploy.0 = Release|Any CPU
		{BBB7E8F5-F5A1-4F37-8A37-CBF2D466126A}.Release|iPhone.ActiveCfg = Release|Any CPU
		{BBB7E8F5-F5A1-4F37-8A37-CBF2D466126A}.Release|iPhone.Build.0 = Release|Any CPU
		{BBB7E8F5-F5A1-4F37-8A37-CBF2D466126A}.Release|iPhone.Deploy.0 = Release|Any CPU
		{BBB7E8F5-F5A1-4F37-8A37-CBF2D466126A}.Release|iPhoneSimulator.ActiveCfg = Release|Any CPU
		{BBB7E8F5-F5A1-4F37-8A37-CBF2D466126A}.Release|iPhoneSimulator.Build.0 = Release|Any CPU
		{BBB7E8F5-F5A1-4F37-8A37-CBF2D466126A}.Release|iPhoneSimulator.Deploy.0 = Release|Any CPU
		{BBB7E8F5-F5A1-4F37-8A37-CBF2D466126A}.Release|x64.ActiveCfg = Release|Any CPU
		{BBB7E8F5-F5A1-4F37-8A37-CBF2D466126A}.Release|x64.Build.0 = Release|Any CPU
		{BBB7E8F5-F5A1-4F37-8A37-CBF2D466126A}.Release|x64.Deploy.0 = Release|Any CPU
		{BBB7E8F5-F5A1-4F37-8A37-CBF2D466126A}.Release|x86.ActiveCfg = Release|Any CPU
		{BBB7E8F5-F5A1-4F37-8A37-CBF2D466126A}.Release|x86.Build.0 = Release|Any CPU
		{BBB7E8F5-F5A1-4F37-8A37-CBF2D466126A}.Release|x86.Deploy.0 = Release|Any CPU
		{72A5831D-4FD8-474A-87BF-B8E29E48A7E9}.Ad-Hoc|Any CPU.ActiveCfg = Release|Any CPU
		{72A5831D-4FD8-474A-87BF-B8E29E48A7E9}.Ad-Hoc|Any CPU.Build.0 = Release|Any CPU
		{72A5831D-4FD8-474A-87BF-B8E29E48A7E9}.Ad-Hoc|ARM.ActiveCfg = Release|Any CPU
		{72A5831D-4FD8-474A-87BF-B8E29E48A7E9}.Ad-Hoc|ARM.Build.0 = Release|Any CPU
		{72A5831D-4FD8-474A-87BF-B8E29E48A7E9}.Ad-Hoc|iPhone.ActiveCfg = Release|Any CPU
		{72A5831D-4FD8-474A-87BF-B8E29E48A7E9}.Ad-Hoc|iPhone.Build.0 = Release|Any CPU
		{72A5831D-4FD8-474A-87BF-B8E29E48A7E9}.Ad-Hoc|iPhoneSimulator.ActiveCfg = Release|Any CPU
		{72A5831D-4FD8-474A-87BF-B8E29E48A7E9}.Ad-Hoc|iPhoneSimulator.Build.0 = Release|Any CPU
		{72A5831D-4FD8-474A-87BF-B8E29E48A7E9}.Ad-Hoc|x64.ActiveCfg = Release|Any CPU
		{72A5831D-4FD8-474A-87BF-B8E29E48A7E9}.Ad-Hoc|x64.Build.0 = Release|Any CPU
		{72A5831D-4FD8-474A-87BF-B8E29E48A7E9}.Ad-Hoc|x86.ActiveCfg = Release|Any CPU
		{72A5831D-4FD8-474A-87BF-B8E29E48A7E9}.Ad-Hoc|x86.Build.0 = Release|Any CPU
		{72A5831D-4FD8-474A-87BF-B8E29E48A7E9}.AppStore|Any CPU.ActiveCfg = Release|Any CPU
		{72A5831D-4FD8-474A-87BF-B8E29E48A7E9}.AppStore|Any CPU.Build.0 = Release|Any CPU
		{72A5831D-4FD8-474A-87BF-B8E29E48A7E9}.AppStore|ARM.ActiveCfg = Release|Any CPU
		{72A5831D-4FD8-474A-87BF-B8E29E48A7E9}.AppStore|ARM.Build.0 = Release|Any CPU
		{72A5831D-4FD8-474A-87BF-B8E29E48A7E9}.AppStore|iPhone.ActiveCfg = Release|Any CPU
		{72A5831D-4FD8-474A-87BF-B8E29E48A7E9}.AppStore|iPhone.Build.0 = Release|Any CPU
		{72A5831D-4FD8-474A-87BF-B8E29E48A7E9}.AppStore|iPhoneSimulator.ActiveCfg = Release|Any CPU
		{72A5831D-4FD8-474A-87BF-B8E29E48A7E9}.AppStore|iPhoneSimulator.Build.0 = Release|Any CPU
		{72A5831D-4FD8-474A-87BF-B8E29E48A7E9}.AppStore|x64.ActiveCfg = Release|Any CPU
		{72A5831D-4FD8-474A-87BF-B8E29E48A7E9}.AppStore|x64.Build.0 = Release|Any CPU
		{72A5831D-4FD8-474A-87BF-B8E29E48A7E9}.AppStore|x86.ActiveCfg = Release|Any CPU
		{72A5831D-4FD8-474A-87BF-B8E29E48A7E9}.AppStore|x86.Build.0 = Release|Any CPU
		{72A5831D-4FD8-474A-87BF-B8E29E48A7E9}.Debug|Any CPU.ActiveCfg = Debug|Any CPU
		{72A5831D-4FD8-474A-87BF-B8E29E48A7E9}.Debug|Any CPU.Build.0 = Debug|Any CPU
		{72A5831D-4FD8-474A-87BF-B8E29E48A7E9}.Debug|ARM.ActiveCfg = Debug|Any CPU
		{72A5831D-4FD8-474A-87BF-B8E29E48A7E9}.Debug|ARM.Build.0 = Debug|Any CPU
		{72A5831D-4FD8-474A-87BF-B8E29E48A7E9}.Debug|iPhone.ActiveCfg = Debug|Any CPU
		{72A5831D-4FD8-474A-87BF-B8E29E48A7E9}.Debug|iPhone.Build.0 = Debug|Any CPU
		{72A5831D-4FD8-474A-87BF-B8E29E48A7E9}.Debug|iPhoneSimulator.ActiveCfg = Debug|Any CPU
		{72A5831D-4FD8-474A-87BF-B8E29E48A7E9}.Debug|iPhoneSimulator.Build.0 = Debug|Any CPU
		{72A5831D-4FD8-474A-87BF-B8E29E48A7E9}.Debug|x64.ActiveCfg = Debug|Any CPU
		{72A5831D-4FD8-474A-87BF-B8E29E48A7E9}.Debug|x64.Build.0 = Debug|Any CPU
		{72A5831D-4FD8-474A-87BF-B8E29E48A7E9}.Debug|x86.ActiveCfg = Debug|Any CPU
		{72A5831D-4FD8-474A-87BF-B8E29E48A7E9}.Debug|x86.Build.0 = Debug|Any CPU
		{72A5831D-4FD8-474A-87BF-B8E29E48A7E9}.Release|Any CPU.ActiveCfg = Release|Any CPU
		{72A5831D-4FD8-474A-87BF-B8E29E48A7E9}.Release|Any CPU.Build.0 = Release|Any CPU
		{72A5831D-4FD8-474A-87BF-B8E29E48A7E9}.Release|ARM.ActiveCfg = Release|Any CPU
		{72A5831D-4FD8-474A-87BF-B8E29E48A7E9}.Release|ARM.Build.0 = Release|Any CPU
		{72A5831D-4FD8-474A-87BF-B8E29E48A7E9}.Release|iPhone.ActiveCfg = Release|Any CPU
		{72A5831D-4FD8-474A-87BF-B8E29E48A7E9}.Release|iPhone.Build.0 = Release|Any CPU
		{72A5831D-4FD8-474A-87BF-B8E29E48A7E9}.Release|iPhoneSimulator.ActiveCfg = Release|Any CPU
		{72A5831D-4FD8-474A-87BF-B8E29E48A7E9}.Release|iPhoneSimulator.Build.0 = Release|Any CPU
		{72A5831D-4FD8-474A-87BF-B8E29E48A7E9}.Release|x64.ActiveCfg = Release|Any CPU
		{72A5831D-4FD8-474A-87BF-B8E29E48A7E9}.Release|x64.Build.0 = Release|Any CPU
		{72A5831D-4FD8-474A-87BF-B8E29E48A7E9}.Release|x86.ActiveCfg = Release|Any CPU
		{72A5831D-4FD8-474A-87BF-B8E29E48A7E9}.Release|x86.Build.0 = Release|Any CPU
		{4DDBA5B5-778F-4B34-BA15-130D5F65AAB4}.Ad-Hoc|Any CPU.ActiveCfg = Release|Any CPU
		{4DDBA5B5-778F-4B34-BA15-130D5F65AAB4}.Ad-Hoc|Any CPU.Build.0 = Release|Any CPU
		{4DDBA5B5-778F-4B34-BA15-130D5F65AAB4}.Ad-Hoc|ARM.ActiveCfg = Release|Any CPU
		{4DDBA5B5-778F-4B34-BA15-130D5F65AAB4}.Ad-Hoc|ARM.Build.0 = Release|Any CPU
		{4DDBA5B5-778F-4B34-BA15-130D5F65AAB4}.Ad-Hoc|iPhone.ActiveCfg = Release|Any CPU
		{4DDBA5B5-778F-4B34-BA15-130D5F65AAB4}.Ad-Hoc|iPhone.Build.0 = Release|Any CPU
		{4DDBA5B5-778F-4B34-BA15-130D5F65AAB4}.Ad-Hoc|iPhoneSimulator.ActiveCfg = Release|Any CPU
		{4DDBA5B5-778F-4B34-BA15-130D5F65AAB4}.Ad-Hoc|iPhoneSimulator.Build.0 = Release|Any CPU
		{4DDBA5B5-778F-4B34-BA15-130D5F65AAB4}.Ad-Hoc|x64.ActiveCfg = Release|Any CPU
		{4DDBA5B5-778F-4B34-BA15-130D5F65AAB4}.Ad-Hoc|x64.Build.0 = Release|Any CPU
		{4DDBA5B5-778F-4B34-BA15-130D5F65AAB4}.Ad-Hoc|x86.ActiveCfg = Release|Any CPU
		{4DDBA5B5-778F-4B34-BA15-130D5F65AAB4}.Ad-Hoc|x86.Build.0 = Release|Any CPU
		{4DDBA5B5-778F-4B34-BA15-130D5F65AAB4}.AppStore|Any CPU.ActiveCfg = Release|Any CPU
		{4DDBA5B5-778F-4B34-BA15-130D5F65AAB4}.AppStore|Any CPU.Build.0 = Release|Any CPU
		{4DDBA5B5-778F-4B34-BA15-130D5F65AAB4}.AppStore|ARM.ActiveCfg = Release|Any CPU
		{4DDBA5B5-778F-4B34-BA15-130D5F65AAB4}.AppStore|ARM.Build.0 = Release|Any CPU
		{4DDBA5B5-778F-4B34-BA15-130D5F65AAB4}.AppStore|iPhone.ActiveCfg = Release|Any CPU
		{4DDBA5B5-778F-4B34-BA15-130D5F65AAB4}.AppStore|iPhone.Build.0 = Release|Any CPU
		{4DDBA5B5-778F-4B34-BA15-130D5F65AAB4}.AppStore|iPhoneSimulator.ActiveCfg = Release|Any CPU
		{4DDBA5B5-778F-4B34-BA15-130D5F65AAB4}.AppStore|iPhoneSimulator.Build.0 = Release|Any CPU
		{4DDBA5B5-778F-4B34-BA15-130D5F65AAB4}.AppStore|x64.ActiveCfg = Release|Any CPU
		{4DDBA5B5-778F-4B34-BA15-130D5F65AAB4}.AppStore|x64.Build.0 = Release|Any CPU
		{4DDBA5B5-778F-4B34-BA15-130D5F65AAB4}.AppStore|x86.ActiveCfg = Release|Any CPU
		{4DDBA5B5-778F-4B34-BA15-130D5F65AAB4}.AppStore|x86.Build.0 = Release|Any CPU
		{4DDBA5B5-778F-4B34-BA15-130D5F65AAB4}.Debug|Any CPU.ActiveCfg = Debug|Any CPU
		{4DDBA5B5-778F-4B34-BA15-130D5F65AAB4}.Debug|Any CPU.Build.0 = Debug|Any CPU
		{4DDBA5B5-778F-4B34-BA15-130D5F65AAB4}.Debug|ARM.ActiveCfg = Debug|Any CPU
		{4DDBA5B5-778F-4B34-BA15-130D5F65AAB4}.Debug|ARM.Build.0 = Debug|Any CPU
		{4DDBA5B5-778F-4B34-BA15-130D5F65AAB4}.Debug|iPhone.ActiveCfg = Debug|Any CPU
		{4DDBA5B5-778F-4B34-BA15-130D5F65AAB4}.Debug|iPhone.Build.0 = Debug|Any CPU
		{4DDBA5B5-778F-4B34-BA15-130D5F65AAB4}.Debug|iPhoneSimulator.ActiveCfg = Debug|Any CPU
		{4DDBA5B5-778F-4B34-BA15-130D5F65AAB4}.Debug|iPhoneSimulator.Build.0 = Debug|Any CPU
		{4DDBA5B5-778F-4B34-BA15-130D5F65AAB4}.Debug|x64.ActiveCfg = Debug|Any CPU
		{4DDBA5B5-778F-4B34-BA15-130D5F65AAB4}.Debug|x64.Build.0 = Debug|Any CPU
		{4DDBA5B5-778F-4B34-BA15-130D5F65AAB4}.Debug|x86.ActiveCfg = Debug|Any CPU
		{4DDBA5B5-778F-4B34-BA15-130D5F65AAB4}.Debug|x86.Build.0 = Debug|Any CPU
		{4DDBA5B5-778F-4B34-BA15-130D5F65AAB4}.Release|Any CPU.ActiveCfg = Release|Any CPU
		{4DDBA5B5-778F-4B34-BA15-130D5F65AAB4}.Release|Any CPU.Build.0 = Release|Any CPU
		{4DDBA5B5-778F-4B34-BA15-130D5F65AAB4}.Release|ARM.ActiveCfg = Release|Any CPU
		{4DDBA5B5-778F-4B34-BA15-130D5F65AAB4}.Release|ARM.Build.0 = Release|Any CPU
		{4DDBA5B5-778F-4B34-BA15-130D5F65AAB4}.Release|iPhone.ActiveCfg = Release|Any CPU
		{4DDBA5B5-778F-4B34-BA15-130D5F65AAB4}.Release|iPhone.Build.0 = Release|Any CPU
		{4DDBA5B5-778F-4B34-BA15-130D5F65AAB4}.Release|iPhoneSimulator.ActiveCfg = Release|Any CPU
		{4DDBA5B5-778F-4B34-BA15-130D5F65AAB4}.Release|iPhoneSimulator.Build.0 = Release|Any CPU
		{4DDBA5B5-778F-4B34-BA15-130D5F65AAB4}.Release|x64.ActiveCfg = Release|Any CPU
		{4DDBA5B5-778F-4B34-BA15-130D5F65AAB4}.Release|x64.Build.0 = Release|Any CPU
		{4DDBA5B5-778F-4B34-BA15-130D5F65AAB4}.Release|x86.ActiveCfg = Release|Any CPU
		{4DDBA5B5-778F-4B34-BA15-130D5F65AAB4}.Release|x86.Build.0 = Release|Any CPU
		{278BE794-444F-4CB2-AB5D-1EE68EEDD65F}.Ad-Hoc|Any CPU.ActiveCfg = Release|Any CPU
		{278BE794-444F-4CB2-AB5D-1EE68EEDD65F}.Ad-Hoc|Any CPU.Build.0 = Release|Any CPU
		{278BE794-444F-4CB2-AB5D-1EE68EEDD65F}.Ad-Hoc|ARM.ActiveCfg = Release|Any CPU
		{278BE794-444F-4CB2-AB5D-1EE68EEDD65F}.Ad-Hoc|ARM.Build.0 = Release|Any CPU
		{278BE794-444F-4CB2-AB5D-1EE68EEDD65F}.Ad-Hoc|iPhone.ActiveCfg = Release|Any CPU
		{278BE794-444F-4CB2-AB5D-1EE68EEDD65F}.Ad-Hoc|iPhone.Build.0 = Release|Any CPU
		{278BE794-444F-4CB2-AB5D-1EE68EEDD65F}.Ad-Hoc|iPhoneSimulator.ActiveCfg = Release|Any CPU
		{278BE794-444F-4CB2-AB5D-1EE68EEDD65F}.Ad-Hoc|iPhoneSimulator.Build.0 = Release|Any CPU
		{278BE794-444F-4CB2-AB5D-1EE68EEDD65F}.Ad-Hoc|x64.ActiveCfg = Release|Any CPU
		{278BE794-444F-4CB2-AB5D-1EE68EEDD65F}.Ad-Hoc|x64.Build.0 = Release|Any CPU
		{278BE794-444F-4CB2-AB5D-1EE68EEDD65F}.Ad-Hoc|x86.ActiveCfg = Release|Any CPU
		{278BE794-444F-4CB2-AB5D-1EE68EEDD65F}.Ad-Hoc|x86.Build.0 = Release|Any CPU
		{278BE794-444F-4CB2-AB5D-1EE68EEDD65F}.AppStore|Any CPU.ActiveCfg = Release|Any CPU
		{278BE794-444F-4CB2-AB5D-1EE68EEDD65F}.AppStore|Any CPU.Build.0 = Release|Any CPU
		{278BE794-444F-4CB2-AB5D-1EE68EEDD65F}.AppStore|ARM.ActiveCfg = Release|Any CPU
		{278BE794-444F-4CB2-AB5D-1EE68EEDD65F}.AppStore|ARM.Build.0 = Release|Any CPU
		{278BE794-444F-4CB2-AB5D-1EE68EEDD65F}.AppStore|iPhone.ActiveCfg = Release|Any CPU
		{278BE794-444F-4CB2-AB5D-1EE68EEDD65F}.AppStore|iPhone.Build.0 = Release|Any CPU
		{278BE794-444F-4CB2-AB5D-1EE68EEDD65F}.AppStore|iPhoneSimulator.ActiveCfg = Release|Any CPU
		{278BE794-444F-4CB2-AB5D-1EE68EEDD65F}.AppStore|iPhoneSimulator.Build.0 = Release|Any CPU
		{278BE794-444F-4CB2-AB5D-1EE68EEDD65F}.AppStore|x64.ActiveCfg = Release|Any CPU
		{278BE794-444F-4CB2-AB5D-1EE68EEDD65F}.AppStore|x64.Build.0 = Release|Any CPU
		{278BE794-444F-4CB2-AB5D-1EE68EEDD65F}.AppStore|x86.ActiveCfg = Release|Any CPU
		{278BE794-444F-4CB2-AB5D-1EE68EEDD65F}.AppStore|x86.Build.0 = Release|Any CPU
		{278BE794-444F-4CB2-AB5D-1EE68EEDD65F}.Debug|Any CPU.ActiveCfg = Debug|Any CPU
		{278BE794-444F-4CB2-AB5D-1EE68EEDD65F}.Debug|Any CPU.Build.0 = Debug|Any CPU
		{278BE794-444F-4CB2-AB5D-1EE68EEDD65F}.Debug|ARM.ActiveCfg = Debug|Any CPU
		{278BE794-444F-4CB2-AB5D-1EE68EEDD65F}.Debug|ARM.Build.0 = Debug|Any CPU
		{278BE794-444F-4CB2-AB5D-1EE68EEDD65F}.Debug|iPhone.ActiveCfg = Debug|Any CPU
		{278BE794-444F-4CB2-AB5D-1EE68EEDD65F}.Debug|iPhone.Build.0 = Debug|Any CPU
		{278BE794-444F-4CB2-AB5D-1EE68EEDD65F}.Debug|iPhoneSimulator.ActiveCfg = Debug|Any CPU
		{278BE794-444F-4CB2-AB5D-1EE68EEDD65F}.Debug|iPhoneSimulator.Build.0 = Debug|Any CPU
		{278BE794-444F-4CB2-AB5D-1EE68EEDD65F}.Debug|x64.ActiveCfg = Debug|Any CPU
		{278BE794-444F-4CB2-AB5D-1EE68EEDD65F}.Debug|x64.Build.0 = Debug|Any CPU
		{278BE794-444F-4CB2-AB5D-1EE68EEDD65F}.Debug|x86.ActiveCfg = Debug|Any CPU
		{278BE794-444F-4CB2-AB5D-1EE68EEDD65F}.Debug|x86.Build.0 = Debug|Any CPU
		{278BE794-444F-4CB2-AB5D-1EE68EEDD65F}.Release|Any CPU.ActiveCfg = Release|Any CPU
		{278BE794-444F-4CB2-AB5D-1EE68EEDD65F}.Release|Any CPU.Build.0 = Release|Any CPU
		{278BE794-444F-4CB2-AB5D-1EE68EEDD65F}.Release|ARM.ActiveCfg = Release|Any CPU
		{278BE794-444F-4CB2-AB5D-1EE68EEDD65F}.Release|ARM.Build.0 = Release|Any CPU
		{278BE794-444F-4CB2-AB5D-1EE68EEDD65F}.Release|iPhone.ActiveCfg = Release|Any CPU
		{278BE794-444F-4CB2-AB5D-1EE68EEDD65F}.Release|iPhone.Build.0 = Release|Any CPU
		{278BE794-444F-4CB2-AB5D-1EE68EEDD65F}.Release|iPhoneSimulator.ActiveCfg = Release|Any CPU
		{278BE794-444F-4CB2-AB5D-1EE68EEDD65F}.Release|iPhoneSimulator.Build.0 = Release|Any CPU
		{278BE794-444F-4CB2-AB5D-1EE68EEDD65F}.Release|x64.ActiveCfg = Release|Any CPU
		{278BE794-444F-4CB2-AB5D-1EE68EEDD65F}.Release|x64.Build.0 = Release|Any CPU
		{278BE794-444F-4CB2-AB5D-1EE68EEDD65F}.Release|x86.ActiveCfg = Release|Any CPU
		{278BE794-444F-4CB2-AB5D-1EE68EEDD65F}.Release|x86.Build.0 = Release|Any CPU
		{101E3060-8799-4119-8A7A-4F86A01C0C84}.Ad-Hoc|Any CPU.ActiveCfg = Release|iPhone
		{101E3060-8799-4119-8A7A-4F86A01C0C84}.Ad-Hoc|Any CPU.Build.0 = Release|iPhone
		{101E3060-8799-4119-8A7A-4F86A01C0C84}.Ad-Hoc|ARM.ActiveCfg = Release|iPhone
		{101E3060-8799-4119-8A7A-4F86A01C0C84}.Ad-Hoc|ARM.Build.0 = Release|iPhone
		{101E3060-8799-4119-8A7A-4F86A01C0C84}.Ad-Hoc|iPhone.ActiveCfg = Release|iPhone
		{101E3060-8799-4119-8A7A-4F86A01C0C84}.Ad-Hoc|iPhone.Build.0 = Release|iPhone
		{101E3060-8799-4119-8A7A-4F86A01C0C84}.Ad-Hoc|iPhone.Deploy.0 = Release|iPhone
		{101E3060-8799-4119-8A7A-4F86A01C0C84}.Ad-Hoc|iPhoneSimulator.ActiveCfg = Release|iPhoneSimulator
		{101E3060-8799-4119-8A7A-4F86A01C0C84}.Ad-Hoc|iPhoneSimulator.Build.0 = Release|iPhoneSimulator
		{101E3060-8799-4119-8A7A-4F86A01C0C84}.Ad-Hoc|x64.ActiveCfg = Release|iPhone
		{101E3060-8799-4119-8A7A-4F86A01C0C84}.Ad-Hoc|x64.Build.0 = Release|iPhone
		{101E3060-8799-4119-8A7A-4F86A01C0C84}.Ad-Hoc|x86.ActiveCfg = Release|iPhone
		{101E3060-8799-4119-8A7A-4F86A01C0C84}.Ad-Hoc|x86.Build.0 = Release|iPhone
		{101E3060-8799-4119-8A7A-4F86A01C0C84}.AppStore|Any CPU.ActiveCfg = Release|iPhone
		{101E3060-8799-4119-8A7A-4F86A01C0C84}.AppStore|Any CPU.Build.0 = Release|iPhone
		{101E3060-8799-4119-8A7A-4F86A01C0C84}.AppStore|ARM.ActiveCfg = Release|iPhone
		{101E3060-8799-4119-8A7A-4F86A01C0C84}.AppStore|ARM.Build.0 = Release|iPhone
		{101E3060-8799-4119-8A7A-4F86A01C0C84}.AppStore|iPhone.ActiveCfg = Release|iPhone
		{101E3060-8799-4119-8A7A-4F86A01C0C84}.AppStore|iPhone.Build.0 = Release|iPhone
		{101E3060-8799-4119-8A7A-4F86A01C0C84}.AppStore|iPhoneSimulator.ActiveCfg = Release|iPhoneSimulator
		{101E3060-8799-4119-8A7A-4F86A01C0C84}.AppStore|iPhoneSimulator.Build.0 = Release|iPhoneSimulator
		{101E3060-8799-4119-8A7A-4F86A01C0C84}.AppStore|x64.ActiveCfg = Release|iPhone
		{101E3060-8799-4119-8A7A-4F86A01C0C84}.AppStore|x64.Build.0 = Release|iPhone
		{101E3060-8799-4119-8A7A-4F86A01C0C84}.AppStore|x86.ActiveCfg = Release|iPhone
		{101E3060-8799-4119-8A7A-4F86A01C0C84}.AppStore|x86.Build.0 = Release|iPhone
		{101E3060-8799-4119-8A7A-4F86A01C0C84}.Debug|Any CPU.ActiveCfg = Debug|iPhone
		{101E3060-8799-4119-8A7A-4F86A01C0C84}.Debug|ARM.ActiveCfg = Debug|iPhone
		{101E3060-8799-4119-8A7A-4F86A01C0C84}.Debug|iPhone.ActiveCfg = Debug|iPhone
		{101E3060-8799-4119-8A7A-4F86A01C0C84}.Debug|iPhone.Build.0 = Debug|iPhone
		{101E3060-8799-4119-8A7A-4F86A01C0C84}.Debug|iPhoneSimulator.ActiveCfg = Debug|iPhoneSimulator
		{101E3060-8799-4119-8A7A-4F86A01C0C84}.Debug|iPhoneSimulator.Build.0 = Debug|iPhoneSimulator
		{101E3060-8799-4119-8A7A-4F86A01C0C84}.Debug|x64.ActiveCfg = Debug|iPhone
		{101E3060-8799-4119-8A7A-4F86A01C0C84}.Debug|x86.ActiveCfg = Debug|iPhone
		{101E3060-8799-4119-8A7A-4F86A01C0C84}.Release|Any CPU.ActiveCfg = Release|iPhone
		{101E3060-8799-4119-8A7A-4F86A01C0C84}.Release|ARM.ActiveCfg = Release|iPhone
		{101E3060-8799-4119-8A7A-4F86A01C0C84}.Release|iPhone.ActiveCfg = Release|iPhone
		{101E3060-8799-4119-8A7A-4F86A01C0C84}.Release|iPhone.Build.0 = Release|iPhone
		{101E3060-8799-4119-8A7A-4F86A01C0C84}.Release|iPhoneSimulator.ActiveCfg = Release|iPhoneSimulator
		{101E3060-8799-4119-8A7A-4F86A01C0C84}.Release|iPhoneSimulator.Build.0 = Release|iPhoneSimulator
		{101E3060-8799-4119-8A7A-4F86A01C0C84}.Release|x64.ActiveCfg = Release|iPhone
		{101E3060-8799-4119-8A7A-4F86A01C0C84}.Release|x86.ActiveCfg = Release|iPhone
	EndGlobalSection
	GlobalSection(SolutionProperties) = preSolution
		HideSolutionNode = FALSE
	EndGlobalSection
	GlobalSection(NestedProjects) = preSolution
		{9B025DC4-DB6F-4263-8FF6-18CECEB6B959} = {571408D0-78B2-46A1-8EF0-E336ABBE76AA}
		{389E24F3-74EE-46F0-8BBB-CC91C006004C} = {571408D0-78B2-46A1-8EF0-E336ABBE76AA}
		{31E10725-9320-49D6-9AD6-51300C5EB634} = {A2F5FCEF-26A1-4D28-8C94-C01756502CFD}
		{BC9CE351-C442-44BA-B7A1-438C22C150CA} = {DBC9CAF6-2B63-417C-90E8-A2E7A468697C}
		{A2F5FCEF-26A1-4D28-8C94-C01756502CFD} = {571408D0-78B2-46A1-8EF0-E336ABBE76AA}
		{BC51C7BD-BC44-4EF4-8D71-0E9C68E22BFB} = {571408D0-78B2-46A1-8EF0-E336ABBE76AA}
		{CBFE51AC-65F0-4B42-AE38-7D6DE5A97B5C} = {A2F5FCEF-26A1-4D28-8C94-C01756502CFD}
		{BBB7E8F5-F5A1-4F37-8A37-CBF2D466126A} = {29E4ACEF-ED76-496D-B5AF-DC138DAF7DA0}
		{72A5831D-4FD8-474A-87BF-B8E29E48A7E9} = {29E4ACEF-ED76-496D-B5AF-DC138DAF7DA0}
		{4DDBA5B5-778F-4B34-BA15-130D5F65AAB4} = {A2F5FCEF-26A1-4D28-8C94-C01756502CFD}
		{278BE794-444F-4CB2-AB5D-1EE68EEDD65F} = {29E4ACEF-ED76-496D-B5AF-DC138DAF7DA0}
		{101E3060-8799-4119-8A7A-4F86A01C0C84} = {29E4ACEF-ED76-496D-B5AF-DC138DAF7DA0}
	EndGlobalSection
	GlobalSection(ExtensibilityGlobals) = postSolution
		SolutionGuid = {AEDCFDFF-64DD-4D25-BF39-23CDC44AEF71}
	EndGlobalSection
	GlobalSection(SharedMSBuildProjectFiles) = preSolution
		DemoWebApi.ClientApiShared\DemoWebApi.ClientApiShared.projitems*{31e10725-9320-49d6-9ad6-51300c5eb634}*SharedItemsImports = 4
		DemoWebApi.ClientApiShared\DemoWebApi.ClientApiShared.projitems*{4ddba5b5-778f-4b34-ba15-130d5f65aab4}*SharedItemsImports = 5
		DemoWebApi.ClientApiShared\DemoWebApi.ClientApiShared.projitems*{cbfe51ac-65f0-4b42-ae38-7d6de5a97b5c}*SharedItemsImports = 13
	EndGlobalSection
EndGlobal
